// !$*UTF8*$!
{
	archiveVersion = 1;
	classes = {
	};
	objectVersion = 55;
	objects = {

/* Begin PBXBuildFile section */
		49AC1F4B283636480068D54D /* main.swift in Sources */ = {isa = PBXBuildFile; fileRef = 49AC1F4A283636480068D54D /* main.swift */; };
/* End PBXBuildFile section */

/* Begin PBXCopyFilesBuildPhase section */
		49AC1F3A283634BA0068D54D /* CopyFiles */ = {
			isa = PBXCopyFilesBuildPhase;
			buildActionMask = 2147483647;
			dstPath = /usr/share/man/man1/;
			dstSubfolderSpec = 0;
			files = (
			);
			runOnlyForDeploymentPostprocessing = 1;
		};
/* End PBXCopyFilesBuildPhase section */

/* Begin PBXFileReference section */
		492CF71C29978126002D47FC /* 게임개발.swift */ = {isa = PBXFileReference; lastKnownFileType = sourcecode.swift; path = "게임개발.swift"; sourceTree = "<group>"; };
		49AC1F3C283634BA0068D54D /* algorithmpractice */ = {isa = PBXFileReference; explicitFileType = "compiled.mach-o.executable"; includeInIndex = 0; path = algorithmpractice; sourceTree = BUILT_PRODUCTS_DIR; };
		49AC1F48283636020068D54D /* 이미푼문제.swift */ = {isa = PBXFileReference; lastKnownFileType = sourcecode.swift; path = "이미푼문제.swift"; sourceTree = "<group>"; };
		49AC1F4A283636480068D54D /* main.swift */ = {isa = PBXFileReference; lastKnownFileType = sourcecode.swift; path = main.swift; sourceTree = "<group>"; };
		49CD9B7729A6438900C992AE /* 음료수 얼려먹기.swift */ = {isa = PBXFileReference; lastKnownFileType = sourcecode.swift; path = "음료수 얼려먹기.swift"; sourceTree = "<group>"; };
		49CD9B7929A643A800C992AE /* 미로탈출.swift */ = {isa = PBXFileReference; lastKnownFileType = sourcecode.swift; path = "미로탈출.swift"; sourceTree = "<group>"; };
/* End PBXFileReference section */

/* Begin PBXFrameworksBuildPhase section */
		49AC1F39283634BA0068D54D /* Frameworks */ = {
			isa = PBXFrameworksBuildPhase;
			buildActionMask = 2147483647;
			files = (
			);
			runOnlyForDeploymentPostprocessing = 0;
		};
/* End PBXFrameworksBuildPhase section */

/* Begin PBXGroup section */
		492CF71B299780DE002D47FC /* 이코테 */ = {
			isa = PBXGroup;
			children = (
				49CD9B7629A6437100C992AE /* 구현 */,
				49CD9B7429A642B300C992AE /* BFS+DFS */,
			);
			name = "이코테";
			path = "이코테";
			sourceTree = "<group>";
		};
		49AC1F33283634BA0068D54D = {
			isa = PBXGroup;
			children = (
				49AC1F3E283634BA0068D54D /* algorithmpractice */,
				49AC1F3D283634BA0068D54D /* Products */,
			);
			sourceTree = "<group>";
		};
		49AC1F3D283634BA0068D54D /* Products */ = {
			isa = PBXGroup;
			children = (
				49AC1F3C283634BA0068D54D /* algorithmpractice */,
			);
			name = Products;
			sourceTree = "<group>";
		};
		49AC1F3E283634BA0068D54D /* algorithmpractice */ = {
			isa = PBXGroup;
			children = (
				492CF71B299780DE002D47FC /* 이코테 */,
				49AC1F46283635E00068D54D /* Programmers */,
				49AC1F47283635E80068D54D /* BOJ */,
			);
			path = algorithmpractice;
			sourceTree = "<group>";
		};
		49AC1F46283635E00068D54D /* Programmers */ = {
			isa = PBXGroup;
			children = (
			);
			path = Programmers;
			sourceTree = "<group>";
		};
		49AC1F47283635E80068D54D /* BOJ */ = {
			isa = PBXGroup;
			children = (
				49AC1F48283636020068D54D /* 이미푼문제.swift */,
				49AC1F4A283636480068D54D /* main.swift */,
			);
			path = BOJ;
			sourceTree = "<group>";
		};
		49CD9B7429A642B300C992AE /* BFS+DFS */ = {
			isa = PBXGroup;
			children = (
				49CD9B7729A6438900C992AE /* 음료수 얼려먹기.swift */,
				49CD9B7929A643A800C992AE /* 미로탈출.swift */,
			);
			path = "BFS+DFS";
			sourceTree = "<group>";
		};
		49CD9B7629A6437100C992AE /* 구현 */ = {
			isa = PBXGroup;
			children = (
				492CF71C29978126002D47FC /* 게임개발.swift */,
			);
			name = "구현";
			path = "구현";
			sourceTree = "<group>";
		};
/* End PBXGroup section */

/* Begin PBXNativeTarget section */
		49AC1F3B283634BA0068D54D /* algorithmpractice */ = {
			isa = PBXNativeTarget;
			buildConfigurationList = 49AC1F43283634BA0068D54D /* Build configuration list for PBXNativeTarget "algorithmpractice" */;
			buildPhases = (
				49AC1F38283634BA0068D54D /* Sources */,
				49AC1F39283634BA0068D54D /* Frameworks */,
				49AC1F3A283634BA0068D54D /* CopyFiles */,
			);
			buildRules = (
			);
			dependencies = (
			);
			name = algorithmpractice;
			productName = algorithmpractice;
			productReference = 49AC1F3C283634BA0068D54D /* algorithmpractice */;
			productType = "com.apple.product-type.tool";
		};
/* End PBXNativeTarget section */

/* Begin PBXProject section */
		49AC1F34283634BA0068D54D /* Project object */ = {
			isa = PBXProject;
			attributes = {
				BuildIndependentTargetsInParallel = 1;
				LastSwiftUpdateCheck = 1340;
				LastUpgradeCheck = 1340;
				TargetAttributes = {
					49AC1F3B283634BA0068D54D = {
						CreatedOnToolsVersion = 13.4;
					};
				};
			};
			buildConfigurationList = 49AC1F37283634BA0068D54D /* Build configuration list for PBXProject "algorithmpractice" */;
			compatibilityVersion = "Xcode 13.0";
			developmentRegion = en;
			hasScannedForEncodings = 0;
			knownRegions = (
				en,
				Base,
			);
			mainGroup = 49AC1F33283634BA0068D54D;
			productRefGroup = 49AC1F3D283634BA0068D54D /* Products */;
			projectDirPath = "";
			projectRoot = "";
			targets = (
				49AC1F3B283634BA0068D54D /* algorithmpractice */,
			);
		};
/* End PBXProject section */

/* Begin PBXSourcesBuildPhase section */
		49AC1F38283634BA0068D54D /* Sources */ = {
			isa = PBXSourcesBuildPhase;
			buildActionMask = 2147483647;
			files = (
				49AC1F4B283636480068D54D /* main.swift in Sources */,
			);
			runOnlyForDeploymentPostprocessing = 0;
		};
/* End PBXSourcesBuildPhase section */

/* Begin XCBuildConfiguration section */
		49AC1F41283634BA0068D54D /* Debug */ = {
			isa = XCBuildConfiguration;
			buildSettings = {
				ALWAYS_SEARCH_USER_PATHS = NO;
				CLANG_ANALYZER_NONNULL = YES;
				CLANG_ANALYZER_NUMBER_OBJECT_CONVERSION = YES_AGGRESSIVE;
				CLANG_CXX_LANGUAGE_STANDARD = "gnu++17";
				CLANG_ENABLE_MODULES = YES;
				CLANG_ENABLE_OBJC_ARC = YES;
				CLANG_ENABLE_OBJC_WEAK = YES;
				CLANG_WARN_BLOCK_CAPTURE_AUTORELEASING = YES;
				CLANG_WARN_BOOL_CONVERSION = YES;
				CLANG_WARN_COMMA = YES;
				CLANG_WARN_CONSTANT_CONVERSION = YES;
				CLANG_WARN_DEPRECATED_OBJC_IMPLEMENTATIONS = YES;
				CLANG_WARN_DIRECT_OBJC_ISA_USAGE = YES_ERROR;
				CLANG_WARN_DOCUMENTATION_COMMENTS = YES;
				CLANG_WARN_EMPTY_BODY = YES;
				CLANG_WARN_ENUM_CONVERSION = YES;
				CLANG_WARN_INFINITE_RECURSION = YES;
				CLANG_WARN_INT_CONVERSION = YES;
				CLANG_WARN_NON_LITERAL_NULL_CONVERSION = YES;
				CLANG_WARN_OBJC_IMPLICIT_RETAIN_SELF = YES;
				CLANG_WARN_OBJC_LITERAL_CONVERSION = YES;
				CLANG_WARN_OBJC_ROOT_CLASS = YES_ERROR;
				CLANG_WARN_QUOTED_INCLUDE_IN_FRAMEWORK_HEADER = YES;
				CLANG_WARN_RANGE_LOOP_ANALYSIS = YES;
				CLANG_WARN_STRICT_PROTOTYPES = YES;
				CLANG_WARN_SUSPICIOUS_MOVE = YES;
				CLANG_WARN_UNGUARDED_AVAILABILITY = YES_AGGRESSIVE;
				CLANG_WARN_UNREACHABLE_CODE = YES;
				CLANG_WARN__DUPLICATE_METHOD_MATCH = YES;
				COPY_PHASE_STRIP = NO;
				DEBUG_INFORMATION_FORMAT = dwarf;
				ENABLE_STRICT_OBJC_MSGSEND = YES;
				ENABLE_TESTABILITY = YES;
				GCC_C_LANGUAGE_STANDARD = gnu11;
				GCC_DYNAMIC_NO_PIC = NO;
				GCC_NO_COMMON_BLOCKS = YES;
				GCC_OPTIMIZATION_LEVEL = 0;
				GCC_PREPROCESSOR_DEFINITIONS = (
					"DEBUG=1",
					"$(inherited)",
				);
				GCC_WARN_64_TO_32_BIT_CONVERSION = YES;
				GCC_WARN_ABOUT_RETURN_TYPE = YES_ERROR;
				GCC_WARN_UNDECLARED_SELECTOR = YES;
				GCC_WARN_UNINITIALIZED_AUTOS = YES_AGGRESSIVE;
				GCC_WARN_UNUSED_FUNCTION = YES;
				GCC_WARN_UNUSED_VARIABLE = YES;
				MACOSX_DEPLOYMENT_TARGET = 12.3;
				MTL_ENABLE_DEBUG_INFO = INCLUDE_SOURCE;
				MTL_FAST_MATH = YES;
				ONLY_ACTIVE_ARCH = YES;
				SDKROOT = macosx;
				SWIFT_ACTIVE_COMPILATION_CONDITIONS = DEBUG;
				SWIFT_OPTIMIZATION_LEVEL = "-Onone";
			};
			name = Debug;
		};
		49AC1F42283634BA0068D54D /* Release */ = {
			isa = XCBuildConfiguration;
			buildSettings = {
				ALWAYS_SEARCH_USER_PATHS = NO;
				CLANG_ANALYZER_NONNULL = YES;
				CLANG_ANALYZER_NUMBER_OBJECT_CONVERSION = YES_AGGRESSIVE;
				CLANG_CXX_LANGUAGE_STANDARD = "gnu++17";
				CLANG_ENABLE_MODULES = YES;
				CLANG_ENABLE_OBJC_ARC = YES;
				CLANG_ENABLE_OBJC_WEAK = YES;
				CLANG_WARN_BLOCK_CAPTURE_AUTORELEASING = YES;
				CLANG_WARN_BOOL_CONVERSION = YES;
				CLANG_WARN_COMMA = YES;
				CLANG_WARN_CONSTANT_CONVERSION = YES;
				CLANG_WARN_DEPRECATED_OBJC_IMPLEMENTATIONS = YES;
				CLANG_WARN_DIRECT_OBJC_ISA_USAGE = YES_ERROR;
				CLANG_WARN_DOCUMENTATION_COMMENTS = YES;
				CLANG_WARN_EMPTY_BODY = YES;
				CLANG_WARN_ENUM_CONVERSION = YES;
				CLANG_WARN_INFINITE_RECURSION = YES;
				CLANG_WARN_INT_CONVERSION = YES;
				CLANG_WARN_NON_LITERAL_NULL_CONVERSION = YES;
				CLANG_WARN_OBJC_IMPLICIT_RETAIN_SELF = YES;
				CLANG_WARN_OBJC_LITERAL_CONVERSION = YES;
				CLANG_WARN_OBJC_ROOT_CLASS = YES_ERROR;
				CLANG_WARN_QUOTED_INCLUDE_IN_FRAMEWORK_HEADER = YES;
				CLANG_WARN_RANGE_LOOP_ANALYSIS = YES;
				CLANG_WARN_STRICT_PROTOTYPES = YES;
				CLANG_WARN_SUSPICIOUS_MOVE = YES;
				CLANG_WARN_UNGUARDED_AVAILABILITY = YES_AGGRESSIVE;
				CLANG_WARN_UNREACHABLE_CODE = YES;
				CLANG_WARN__DUPLICATE_METHOD_MATCH = YES;
				COPY_PHASE_STRIP = NO;
				DEBUG_INFORMATION_FORMAT = "dwarf-with-dsym";
				ENABLE_NS_ASSERTIONS = NO;
				ENABLE_STRICT_OBJC_MSGSEND = YES;
				GCC_C_LANGUAGE_STANDARD = gnu11;
				GCC_NO_COMMON_BLOCKS = YES;
				GCC_WARN_64_TO_32_BIT_CONVERSION = YES;
				GCC_WARN_ABOUT_RETURN_TYPE = YES_ERROR;
				GCC_WARN_UNDECLARED_SELECTOR = YES;
				GCC_WARN_UNINITIALIZED_AUTOS = YES_AGGRESSIVE;
				GCC_WARN_UNUSED_FUNCTION = YES;
				GCC_WARN_UNUSED_VARIABLE = YES;
				MACOSX_DEPLOYMENT_TARGET = 12.3;
				MTL_ENABLE_DEBUG_INFO = NO;
				MTL_FAST_MATH = YES;
				SDKROOT = macosx;
				SWIFT_COMPILATION_MODE = wholemodule;
				SWIFT_OPTIMIZATION_LEVEL = "-O";
			};
			name = Release;
		};
		49AC1F44283634BA0068D54D /* Debug */ = {
			isa = XCBuildConfiguration;
			buildSettings = {
				"CODE_SIGN_IDENTITY[sdk=macosx*]" = "-";
				CODE_SIGN_STYLE = Automatic;
				DEVELOPMENT_TEAM = AW5HC5SGGG;
				ENABLE_HARDENED_RUNTIME = YES;
				PRODUCT_NAME = "$(TARGET_NAME)";
				SWIFT_VERSION = 5.0;
			};
			name = Debug;
		};
		49AC1F45283634BA0068D54D /* Release */ = {
			isa = XCBuildConfiguration;
			buildSettings = {
				"CODE_SIGN_IDENTITY[sdk=macosx*]" = "-";
				CODE_SIGN_STYLE = Automatic;
				DEVELOPMENT_TEAM = AW5HC5SGGG;
				ENABLE_HARDENED_RUNTIME = YES;
				PRODUCT_NAME = "$(TARGET_NAME)";
				SWIFT_VERSION = 5.0;
			};
			name = Release;
		};
/* End XCBuildConfiguration section */

/* Begin XCConfigurationList section */
		49AC1F37283634BA0068D54D /* Build configuration list for PBXProject "algorithmpractice" */ = {
			isa = XCConfigurationList;
			buildConfigurations = (
				49AC1F41283634BA0068D54D /* Debug */,
				49AC1F42283634BA0068D54D /* Release */,
			);
			defaultConfigurationIsVisible = 0;
			defaultConfigurationName = Release;
		};
		49AC1F43283634BA0068D54D /* Build configuration list for PBXNativeTarget "algorithmpractice" */ = {
			isa = XCConfigurationList;
			buildConfigurations = (
				49AC1F44283634BA0068D54D /* Debug */,
				49AC1F45283634BA0068D54D /* Release */,
			);
			defaultConfigurationIsVisible = 0;
			defaultConfigurationName = Release;
		};
/* End XCConfigurationList section */
	};
	rootObject = 49AC1F34283634BA0068D54D /* Project object */;
}
