// !$*UTF8*$!
{
	archiveVersion = 1;
	classes = {
	};
	objectVersion = 56;
	objects = {

/* Begin PBXBuildFile section */
		490235B22E437EFE006A2457 /* 3진법 뒤집기.swift in Sources */ = {isa = PBXBuildFile; fileRef = 490235B12E437EFE006A2457 /* 3진법 뒤집기.swift */; };
		490235C12E44EE71006A2457 /* 이진 변환 반복하기.swift in Sources */ = {isa = PBXBuildFile; fileRef = 490235C02E44EE71006A2457 /* 이진 변환 반복하기.swift */; };
		4903666C2DF7207F00AE2CCB /* 1091. Shortest Path in Binary Matrix.swift in Sources */ = {isa = PBXBuildFile; fileRef = 4903666B2DF7207F00AE2CCB /* 1091. Shortest Path in Binary Matrix.swift */; };
		490605862E536C1D006A0BA7 /* 하노이의 탑.swift in Sources */ = {isa = PBXBuildFile; fileRef = 490605852E536C1D006A0BA7 /* 하노이의 탑.swift */; };
		490605882E54B3E2006A0BA7 /* 모음 사전.swift in Sources */ = {isa = PBXBuildFile; fileRef = 490605872E54B3E2006A0BA7 /* 모음 사전.swift */; };
		490E9B012DCCEC3F000DED85 /* 62. Unique Paths.swift in Sources */ = {isa = PBXBuildFile; fileRef = 490E9B002DCCEC3F000DED85 /* 62. Unique Paths.swift */; };
		490E9B052DCE62FA000DED85 /* 12865. 평범한 배낭.swift in Sources */ = {isa = PBXBuildFile; fileRef = 490E9B042DCE62FA000DED85 /* 12865. 평범한 배낭.swift */; };
		4920AC6C2E560B2D00A00258 /* 모의고사.swift in Sources */ = {isa = PBXBuildFile; fileRef = 4920AC6B2E560B2D00A00258 /* 모의고사.swift */; };
		492723CD2DDCB73F004B69AE /* 785. Is Graph Bipartite?.swift in Sources */ = {isa = PBXBuildFile; fileRef = 492723CC2DDCB73F004B69AE /* 785. Is Graph Bipartite?.swift */; };
		492F03F22E098E8700AAE803 /* 타겟 넘버.swift in Sources */ = {isa = PBXBuildFile; fileRef = 492F03F12E098E8700AAE803 /* 타겟 넘버.swift */; };
		4934C2622E3903FF0066BDC3 /* 행렬의 곱셈.swift in Sources */ = {isa = PBXBuildFile; fileRef = 4934C2612E3903FF0066BDC3 /* 행렬의 곱셈.swift */; };
		493900952D86F16D004F78D7 /* 37. Sudoku Solver.swift in Sources */ = {isa = PBXBuildFile; fileRef = 493900942D86F16D004F78D7 /* 37. Sudoku Solver.swift */; };
		493900972D887747004F78D7 /* 51. N-Queens.swift in Sources */ = {isa = PBXBuildFile; fileRef = 493900962D887747004F78D7 /* 51. N-Queens.swift */; };
		49468A1A2E30FCCA000B11A7 /* 삼각 달팽이.swift in Sources */ = {isa = PBXBuildFile; fileRef = 49468A192E30FCCA000B11A7 /* 삼각 달팽이.swift */; };
		494B86062D61FA59003EF612 /* main.swift in Sources */ = {isa = PBXBuildFile; fileRef = 494B86052D61FA59003EF612 /* main.swift */; };
		495032DA2E3A5F63008DE5E6 /* 자연수 뒤집어 배열로 만들기.swift in Sources */ = {isa = PBXBuildFile; fileRef = 495032D92E3A5F63008DE5E6 /* 자연수 뒤집어 배열로 만들기.swift */; };
		495032DC2E3A6E3D008DE5E6 /* 시저 암호.swift in Sources */ = {isa = PBXBuildFile; fileRef = 495032DB2E3A6E3D008DE5E6 /* 시저 암호.swift */; };
		495032DE2E3B979C008DE5E6 /* 이상한 문자 만들기.swift in Sources */ = {isa = PBXBuildFile; fileRef = 495032DD2E3B979C008DE5E6 /* 이상한 문자 만들기.swift */; };
		4972DDC22D965D7500D79419 /* 두 큐 합 같게 만들기.swift in Sources */ = {isa = PBXBuildFile; fileRef = 4972DDC12D965D7500D79419 /* 두 큐 합 같게 만들기.swift */; };
		4972DDC42D98F85B00D79419 /* 42. Trapping Rain Water.swift in Sources */ = {isa = PBXBuildFile; fileRef = 4972DDC32D98F85B00D79419 /* 42. Trapping Rain Water.swift */; };
		49782DBC2E4B591300C7DD47 /* 쿼드압축 후 개수 세기.swift in Sources */ = {isa = PBXBuildFile; fileRef = 49782DBB2E4B591300C7DD47 /* 쿼드압축 후 개수 세기.swift */; };
		497D8CC02DB6866100FC9942 /* LinkedList.swift in Sources */ = {isa = PBXBuildFile; fileRef = 497D8CBF2DB6866100FC9942 /* LinkedList.swift */; };
		498E18BA2DC72A08007066B5 /* 70. Climbing Stairs.swift in Sources */ = {isa = PBXBuildFile; fileRef = 498E18B92DC72A08007066B5 /* 70. Climbing Stairs.swift */; };
		498E18BD2DC734C1007066B5 /* 764. Min Cost Climbing Stairs.swift in Sources */ = {isa = PBXBuildFile; fileRef = 498E18BC2DC734C1007066B5 /* 764. Min Cost Climbing Stairs.swift */; };
		49925C2C2E4A19CA00506002 /* 신규 아이디 추천.swift in Sources */ = {isa = PBXBuildFile; fileRef = 49925C2B2E4A19CA00506002 /* 신규 아이디 추천.swift */; };
		49A402E02DFB1E6900E3BA2E /* 14502. 연구소.swift in Sources */ = {isa = PBXBuildFile; fileRef = 49A402DF2DFB1E6900E3BA2E /* 14502. 연구소.swift */; };
		49A7D0F62D742CD900AD6A0F /* 후보키.swift in Sources */ = {isa = PBXBuildFile; fileRef = 49A7D0F52D742CD900AD6A0F /* 후보키.swift */; };
		49A7D0F82D7DD19900AD6A0F /* 60. Permutation Sequence.swift in Sources */ = {isa = PBXBuildFile; fileRef = 49A7D0F72D7DD19900AD6A0F /* 60. Permutation Sequence.swift */; };
		49ACD5662D6F431A00505A81 /* 77. Combinations.swift in Sources */ = {isa = PBXBuildFile; fileRef = 49ACD5652D6F431A00505A81 /* 77. Combinations.swift */; };
		49ACD5682D6F43AB00505A81 /* 78. Subsets.swift in Sources */ = {isa = PBXBuildFile; fileRef = 49ACD5672D6F43AB00505A81 /* 78. Subsets.swift */; };
		49ACD56A2D6F43FA00505A81 /* 46. Permutations.swift in Sources */ = {isa = PBXBuildFile; fileRef = 49ACD5692D6F43FA00505A81 /* 46. Permutations.swift */; };
		49B41A1E2DE74D480019CCE4 /* 322. Coin Change.swift in Sources */ = {isa = PBXBuildFile; fileRef = 49B41A1D2DE74D480019CCE4 /* 322. Coin Change.swift */; };
		49C3A9232E42312800A1E697 /* 문자열 압축.swift in Sources */ = {isa = PBXBuildFile; fileRef = 49C3A9222E42312800A1E697 /* 문자열 압축.swift */; };
		49C7C25B2E671F2200BB9281 /* 불량 사용자.swift in Sources */ = {isa = PBXBuildFile; fileRef = 49C7C25A2E671F2200BB9281 /* 불량 사용자.swift */; };
		49C7C25D2E68836500BB9281 /* H-Index.swift in Sources */ = {isa = PBXBuildFile; fileRef = 49C7C25C2E68836500BB9281 /* H-Index.swift */; };
		49C7C29D2E6C0BBD00BB9281 /* Heap.swift in Sources */ = {isa = PBXBuildFile; fileRef = 49C7C29C2E6C0BBD00BB9281 /* Heap.swift */; };
		49C7C29F2E6C373100BB9281 /* 가장 큰 수.swift in Sources */ = {isa = PBXBuildFile; fileRef = 49C7C29E2E6C373100BB9281 /* 가장 큰 수.swift */; };
		49C7C2A12E6C548100BB9281 /* PriorityQueue.swift in Sources */ = {isa = PBXBuildFile; fileRef = 49C7C2A02E6C548100BB9281 /* PriorityQueue.swift */; };
		49D258D12DEF14FB00F3606E /* 양과늑대.swift in Sources */ = {isa = PBXBuildFile; fileRef = 49D258D02DEF14FB00F3606E /* 양과늑대.swift */; };
		49D258D32DF07C7200F3606E /* 32. Longest Valid Parentheses.swift in Sources */ = {isa = PBXBuildFile; fileRef = 49D258D22DF07C7200F3606E /* 32. Longest Valid Parentheses.swift */; };
		49D381E82D919A6A003D6A5F /* 20. Valid Parentheses.swift in Sources */ = {isa = PBXBuildFile; fileRef = 49D381E72D919A6A003D6A5F /* 20. Valid Parentheses.swift */; };
		49D381EA2D9304B7003D6A5F /* 739. Daily Temperatures.swift in Sources */ = {isa = PBXBuildFile; fileRef = 49D381E92D9304B7003D6A5F /* 739. Daily Temperatures.swift */; };
		49D381EC2D94333C003D6A5F /* 841. Keys and Rooms.swift in Sources */ = {isa = PBXBuildFile; fileRef = 49D381EB2D94333C003D6A5F /* 841. Keys and Rooms.swift */; };
		49D97E252DF1DFFD00CC7F50 /* 200. Number Of Islands.swift in Sources */ = {isa = PBXBuildFile; fileRef = 49D97E242DF1DFFD00CC7F50 /* 200. Number Of Islands.swift */; };
		49E0D78D2E589BF70096D5AC /* 카펫.swift in Sources */ = {isa = PBXBuildFile; fileRef = 49E0D78C2E589BF70096D5AC /* 카펫.swift */; };
		49E84D2B2E0C323F00E79922 /* 교점에 별 만들기.swift in Sources */ = {isa = PBXBuildFile; fileRef = 49E84D2A2E0C323F00E79922 /* 교점에 별 만들기.swift */; };
		49E992512DE4AF8500207C56 /* 무인도 여행.swift in Sources */ = {isa = PBXBuildFile; fileRef = 49E992502DE4AF8500207C56 /* 무인도 여행.swift */; };
		49EA2D722E463A6F0038554B /* 문자열 내 p와 y의 개수.swift in Sources */ = {isa = PBXBuildFile; fileRef = 49EA2D712E463A6F0038554B /* 문자열 내 p와 y의 개수.swift */; };
		49EA2D742E463C7C0038554B /* 숫자 문자열과 영단어.swift in Sources */ = {isa = PBXBuildFile; fileRef = 49EA2D732E463C7C0038554B /* 숫자 문자열과 영단어.swift */; };
		49ECA0422D902E32001CADFA /* 자물쇠와 열쇠.swift in Sources */ = {isa = PBXBuildFile; fileRef = 49ECA0412D902E32001CADFA /* 자물쇠와 열쇠.swift */; };
		49F051402E0307A400CE55F9 /* 17142. 연구소3.swift in Sources */ = {isa = PBXBuildFile; fileRef = 49F0513F2E0307A400CE55F9 /* 17142. 연구소3.swift */; };
		49F051422E05B08500CE55F9 /* 13459. 구슬 탈출.swift in Sources */ = {isa = PBXBuildFile; fileRef = 49F051412E05B08500CE55F9 /* 13459. 구슬 탈출.swift */; };
		49F46C102E350BFC00082DCB /* 거리두기 확인하기.swift in Sources */ = {isa = PBXBuildFile; fileRef = 49F46C0F2E350BFC00082DCB /* 거리두기 확인하기.swift */; };
		49F7477D2D80724F00E90CF9 /* 131. Palindrome Partioning.swift in Sources */ = {isa = PBXBuildFile; fileRef = 49F7477C2D80724F00E90CF9 /* 131. Palindrome Partioning.swift */; };
		49F9AD922E5C85BE00774915 /* 수식 최대화.swift in Sources */ = {isa = PBXBuildFile; fileRef = 49F9AD912E5C85BE00774915 /* 수식 최대화.swift */; };
		49F9AD942E5DE4E100774915 /* 소수 찾기.swift in Sources */ = {isa = PBXBuildFile; fileRef = 49F9AD932E5DE4E100774915 /* 소수 찾기.swift */; };
		49FC7BED2D6F40F2003A3376 /* 704. Binary Search.swift in Sources */ = {isa = PBXBuildFile; fileRef = 49FC7BEC2D6F40F2003A3376 /* 704. Binary Search.swift */; };
/* End PBXBuildFile section */

/* Begin PBXCopyFilesBuildPhase section */
		494B86002D61FA59003EF612 /* CopyFiles */ = {
			isa = PBXCopyFilesBuildPhase;
			buildActionMask = 2147483647;
			dstPath = /usr/share/man/man1/;
			dstSubfolderSpec = 0;
			files = (
			);
			runOnlyForDeploymentPostprocessing = 1;
		};
/* End PBXCopyFilesBuildPhase section */

/* Begin PBXFileReference section */
		490235B12E437EFE006A2457 /* 3진법 뒤집기.swift */ = {isa = PBXFileReference; lastKnownFileType = sourcecode.swift; path = "3진법 뒤집기.swift"; sourceTree = "<group>"; };
		490235C02E44EE71006A2457 /* 이진 변환 반복하기.swift */ = {isa = PBXFileReference; lastKnownFileType = sourcecode.swift; path = "이진 변환 반복하기.swift"; sourceTree = "<group>"; };
		4903666B2DF7207F00AE2CCB /* 1091. Shortest Path in Binary Matrix.swift */ = {isa = PBXFileReference; lastKnownFileType = sourcecode.swift; path = "1091. Shortest Path in Binary Matrix.swift"; sourceTree = "<group>"; };
		490605852E536C1D006A0BA7 /* 하노이의 탑.swift */ = {isa = PBXFileReference; lastKnownFileType = sourcecode.swift; path = "하노이의 탑.swift"; sourceTree = "<group>"; };
		490605872E54B3E2006A0BA7 /* 모음 사전.swift */ = {isa = PBXFileReference; lastKnownFileType = sourcecode.swift; path = "모음 사전.swift"; sourceTree = "<group>"; };
		490E9B002DCCEC3F000DED85 /* 62. Unique Paths.swift */ = {isa = PBXFileReference; lastKnownFileType = sourcecode.swift; path = "62. Unique Paths.swift"; sourceTree = "<group>"; };
		490E9B042DCE62FA000DED85 /* 12865. 평범한 배낭.swift */ = {isa = PBXFileReference; lastKnownFileType = sourcecode.swift; path = "12865. 평범한 배낭.swift"; sourceTree = "<group>"; };
		4920AC6B2E560B2D00A00258 /* 모의고사.swift */ = {isa = PBXFileReference; lastKnownFileType = sourcecode.swift; path = "모의고사.swift"; sourceTree = "<group>"; };
		492723CC2DDCB73F004B69AE /* 785. Is Graph Bipartite?.swift */ = {isa = PBXFileReference; lastKnownFileType = sourcecode.swift; path = "785. Is Graph Bipartite?.swift"; sourceTree = "<group>"; };
		492F03F12E098E8700AAE803 /* 타겟 넘버.swift */ = {isa = PBXFileReference; lastKnownFileType = sourcecode.swift; path = "타겟 넘버.swift"; sourceTree = "<group>"; };
		4934C2612E3903FF0066BDC3 /* 행렬의 곱셈.swift */ = {isa = PBXFileReference; lastKnownFileType = sourcecode.swift; path = "행렬의 곱셈.swift"; sourceTree = "<group>"; };
		493900942D86F16D004F78D7 /* 37. Sudoku Solver.swift */ = {isa = PBXFileReference; lastKnownFileType = sourcecode.swift; path = "37. Sudoku Solver.swift"; sourceTree = "<group>"; };
		493900962D887747004F78D7 /* 51. N-Queens.swift */ = {isa = PBXFileReference; lastKnownFileType = sourcecode.swift; path = "51. N-Queens.swift"; sourceTree = "<group>"; };
		49468A192E30FCCA000B11A7 /* 삼각 달팽이.swift */ = {isa = PBXFileReference; lastKnownFileType = sourcecode.swift; path = "삼각 달팽이.swift"; sourceTree = "<group>"; };
		494B86022D61FA59003EF612 /* Algorithm */ = {isa = PBXFileReference; explicitFileType = "compiled.mach-o.executable"; includeInIndex = 0; path = Algorithm; sourceTree = BUILT_PRODUCTS_DIR; };
		494B86052D61FA59003EF612 /* main.swift */ = {isa = PBXFileReference; lastKnownFileType = sourcecode.swift; path = main.swift; sourceTree = "<group>"; };
		495032D92E3A5F63008DE5E6 /* 자연수 뒤집어 배열로 만들기.swift */ = {isa = PBXFileReference; lastKnownFileType = sourcecode.swift; path = "자연수 뒤집어 배열로 만들기.swift"; sourceTree = "<group>"; };
		495032DB2E3A6E3D008DE5E6 /* 시저 암호.swift */ = {isa = PBXFileReference; lastKnownFileType = sourcecode.swift; path = "시저 암호.swift"; sourceTree = "<group>"; };
		495032DD2E3B979C008DE5E6 /* 이상한 문자 만들기.swift */ = {isa = PBXFileReference; lastKnownFileType = sourcecode.swift; path = "이상한 문자 만들기.swift"; sourceTree = "<group>"; };
		4972DDC12D965D7500D79419 /* 두 큐 합 같게 만들기.swift */ = {isa = PBXFileReference; lastKnownFileType = sourcecode.swift; path = "두 큐 합 같게 만들기.swift"; sourceTree = "<group>"; };
		4972DDC32D98F85B00D79419 /* 42. Trapping Rain Water.swift */ = {isa = PBXFileReference; lastKnownFileType = sourcecode.swift; path = "42. Trapping Rain Water.swift"; sourceTree = "<group>"; };
		49782DBB2E4B591300C7DD47 /* 쿼드압축 후 개수 세기.swift */ = {isa = PBXFileReference; lastKnownFileType = sourcecode.swift; path = "쿼드압축 후 개수 세기.swift"; sourceTree = "<group>"; };
		497D8CBF2DB6866100FC9942 /* LinkedList.swift */ = {isa = PBXFileReference; lastKnownFileType = sourcecode.swift; path = LinkedList.swift; sourceTree = "<group>"; };
		498E18B92DC72A08007066B5 /* 70. Climbing Stairs.swift */ = {isa = PBXFileReference; lastKnownFileType = sourcecode.swift; path = "70. Climbing Stairs.swift"; sourceTree = "<group>"; };
		498E18BC2DC734C1007066B5 /* 764. Min Cost Climbing Stairs.swift */ = {isa = PBXFileReference; lastKnownFileType = sourcecode.swift; path = "764. Min Cost Climbing Stairs.swift"; sourceTree = "<group>"; };
		49925C2B2E4A19CA00506002 /* 신규 아이디 추천.swift */ = {isa = PBXFileReference; lastKnownFileType = sourcecode.swift; path = "신규 아이디 추천.swift"; sourceTree = "<group>"; };
		49A402DF2DFB1E6900E3BA2E /* 14502. 연구소.swift */ = {isa = PBXFileReference; lastKnownFileType = sourcecode.swift; path = "14502. 연구소.swift"; sourceTree = "<group>"; };
		49A7D0F52D742CD900AD6A0F /* 후보키.swift */ = {isa = PBXFileReference; lastKnownFileType = sourcecode.swift; path = "후보키.swift"; sourceTree = "<group>"; };
		49A7D0F72D7DD19900AD6A0F /* 60. Permutation Sequence.swift */ = {isa = PBXFileReference; lastKnownFileType = sourcecode.swift; path = "60. Permutation Sequence.swift"; sourceTree = "<group>"; };
		49ACD5652D6F431A00505A81 /* 77. Combinations.swift */ = {isa = PBXFileReference; lastKnownFileType = sourcecode.swift; path = "77. Combinations.swift"; sourceTree = "<group>"; };
		49ACD5672D6F43AB00505A81 /* 78. Subsets.swift */ = {isa = PBXFileReference; lastKnownFileType = sourcecode.swift; path = "78. Subsets.swift"; sourceTree = "<group>"; };
		49ACD5692D6F43FA00505A81 /* 46. Permutations.swift */ = {isa = PBXFileReference; lastKnownFileType = sourcecode.swift; path = "46. Permutations.swift"; sourceTree = "<group>"; };
		49B41A1D2DE74D480019CCE4 /* 322. Coin Change.swift */ = {isa = PBXFileReference; lastKnownFileType = sourcecode.swift; path = "322. Coin Change.swift"; sourceTree = "<group>"; };
		49C3A9222E42312800A1E697 /* 문자열 압축.swift */ = {isa = PBXFileReference; lastKnownFileType = sourcecode.swift; path = "문자열 압축.swift"; sourceTree = "<group>"; };
		49C7C25A2E671F2200BB9281 /* 불량 사용자.swift */ = {isa = PBXFileReference; lastKnownFileType = sourcecode.swift; path = "불량 사용자.swift"; sourceTree = "<group>"; };
		49C7C25C2E68836500BB9281 /* H-Index.swift */ = {isa = PBXFileReference; lastKnownFileType = sourcecode.swift; path = "H-Index.swift"; sourceTree = "<group>"; };
		49C7C29C2E6C0BBD00BB9281 /* Heap.swift */ = {isa = PBXFileReference; lastKnownFileType = sourcecode.swift; path = Heap.swift; sourceTree = "<group>"; };
		49C7C29E2E6C373100BB9281 /* 가장 큰 수.swift */ = {isa = PBXFileReference; lastKnownFileType = sourcecode.swift; path = "가장 큰 수.swift"; sourceTree = "<group>"; };
		49C7C2A02E6C548100BB9281 /* PriorityQueue.swift */ = {isa = PBXFileReference; lastKnownFileType = sourcecode.swift; path = PriorityQueue.swift; sourceTree = "<group>"; };
		49D258D02DEF14FB00F3606E /* 양과늑대.swift */ = {isa = PBXFileReference; lastKnownFileType = sourcecode.swift; path = "양과늑대.swift"; sourceTree = "<group>"; };
		49D258D22DF07C7200F3606E /* 32. Longest Valid Parentheses.swift */ = {isa = PBXFileReference; lastKnownFileType = sourcecode.swift; path = "32. Longest Valid Parentheses.swift"; sourceTree = "<group>"; };
		49D381E72D919A6A003D6A5F /* 20. Valid Parentheses.swift */ = {isa = PBXFileReference; lastKnownFileType = sourcecode.swift; path = "20. Valid Parentheses.swift"; sourceTree = "<group>"; };
		49D381E92D9304B7003D6A5F /* 739. Daily Temperatures.swift */ = {isa = PBXFileReference; lastKnownFileType = sourcecode.swift; path = "739. Daily Temperatures.swift"; sourceTree = "<group>"; };
		49D381EB2D94333C003D6A5F /* 841. Keys and Rooms.swift */ = {isa = PBXFileReference; lastKnownFileType = sourcecode.swift; path = "841. Keys and Rooms.swift"; sourceTree = "<group>"; };
		49D97E242DF1DFFD00CC7F50 /* 200. Number Of Islands.swift */ = {isa = PBXFileReference; lastKnownFileType = sourcecode.swift; path = "200. Number Of Islands.swift"; sourceTree = "<group>"; };
		49E0D78C2E589BF70096D5AC /* 카펫.swift */ = {isa = PBXFileReference; lastKnownFileType = sourcecode.swift; path = "카펫.swift"; sourceTree = "<group>"; };
		49E84D2A2E0C323F00E79922 /* 교점에 별 만들기.swift */ = {isa = PBXFileReference; lastKnownFileType = sourcecode.swift; path = "교점에 별 만들기.swift"; sourceTree = "<group>"; };
		49E992502DE4AF8500207C56 /* 무인도 여행.swift */ = {isa = PBXFileReference; lastKnownFileType = sourcecode.swift; path = "무인도 여행.swift"; sourceTree = "<group>"; };
		49EA2D712E463A6F0038554B /* 문자열 내 p와 y의 개수.swift */ = {isa = PBXFileReference; lastKnownFileType = sourcecode.swift; path = "문자열 내 p와 y의 개수.swift"; sourceTree = "<group>"; };
		49EA2D732E463C7C0038554B /* 숫자 문자열과 영단어.swift */ = {isa = PBXFileReference; lastKnownFileType = sourcecode.swift; path = "숫자 문자열과 영단어.swift"; sourceTree = "<group>"; };
		49ECA0412D902E32001CADFA /* 자물쇠와 열쇠.swift */ = {isa = PBXFileReference; lastKnownFileType = sourcecode.swift; path = "자물쇠와 열쇠.swift"; sourceTree = "<group>"; };
		49F0513F2E0307A400CE55F9 /* 17142. 연구소3.swift */ = {isa = PBXFileReference; lastKnownFileType = sourcecode.swift; path = "17142. 연구소3.swift"; sourceTree = "<group>"; };
		49F051412E05B08500CE55F9 /* 13459. 구슬 탈출.swift */ = {isa = PBXFileReference; lastKnownFileType = sourcecode.swift; path = "13459. 구슬 탈출.swift"; sourceTree = "<group>"; };
		49F46C0F2E350BFC00082DCB /* 거리두기 확인하기.swift */ = {isa = PBXFileReference; lastKnownFileType = sourcecode.swift; path = "거리두기 확인하기.swift"; sourceTree = "<group>"; };
		49F7477C2D80724F00E90CF9 /* 131. Palindrome Partioning.swift */ = {isa = PBXFileReference; lastKnownFileType = sourcecode.swift; path = "131. Palindrome Partioning.swift"; sourceTree = "<group>"; };
		49F9AD912E5C85BE00774915 /* 수식 최대화.swift */ = {isa = PBXFileReference; lastKnownFileType = sourcecode.swift; path = "수식 최대화.swift"; sourceTree = "<group>"; };
		49F9AD932E5DE4E100774915 /* 소수 찾기.swift */ = {isa = PBXFileReference; lastKnownFileType = sourcecode.swift; path = "소수 찾기.swift"; sourceTree = "<group>"; };
		49FC7BEC2D6F40F2003A3376 /* 704. Binary Search.swift */ = {isa = PBXFileReference; lastKnownFileType = sourcecode.swift; path = "704. Binary Search.swift"; sourceTree = "<group>"; };
/* End PBXFileReference section */

/* Begin PBXFrameworksBuildPhase section */
		494B85FF2D61FA59003EF612 /* Frameworks */ = {
			isa = PBXFrameworksBuildPhase;
			buildActionMask = 2147483647;
			files = (
			);
			runOnlyForDeploymentPostprocessing = 0;
		};
/* End PBXFrameworksBuildPhase section */

/* Begin PBXGroup section */
		490E9B032DCE62E8000DED85 /* BOJ */ = {
			isa = PBXGroup;
			children = (
				490E9B042DCE62FA000DED85 /* 12865. 평범한 배낭.swift */,
				49A402DF2DFB1E6900E3BA2E /* 14502. 연구소.swift */,
				49F0513F2E0307A400CE55F9 /* 17142. 연구소3.swift */,
				49F051412E05B08500CE55F9 /* 13459. 구슬 탈출.swift */,
			);
			path = BOJ;
			sourceTree = "<group>";
		};
		494B85F92D61FA59003EF612 = {
			isa = PBXGroup;
			children = (
				490E9B032DCE62E8000DED85 /* BOJ */,
				498E18BB2DC72A0E007066B5 /* DataStructure */,
				49FC7BEB2D6F4070003A3376 /* Programmers */,
				49FC7BEA2D6F4066003A3376 /* LeetCode */,
				494B86042D61FA59003EF612 /* Solution */,
				494B86032D61FA59003EF612 /* Products */,
			);
			sourceTree = "<group>";
		};
		494B86032D61FA59003EF612 /* Products */ = {
			isa = PBXGroup;
			children = (
				494B86022D61FA59003EF612 /* Algorithm */,
			);
			name = Products;
			sourceTree = "<group>";
		};
		494B86042D61FA59003EF612 /* Solution */ = {
			isa = PBXGroup;
			children = (
				494B86052D61FA59003EF612 /* main.swift */,
			);
			path = Solution;
			sourceTree = "<group>";
		};
		498E18BB2DC72A0E007066B5 /* DataStructure */ = {
			isa = PBXGroup;
			children = (
				497D8CBF2DB6866100FC9942 /* LinkedList.swift */,
				49C7C29C2E6C0BBD00BB9281 /* Heap.swift */,
				49C7C2A02E6C548100BB9281 /* PriorityQueue.swift */,
			);
			path = DataStructure;
			sourceTree = "<group>";
		};
		49FC7BEA2D6F4066003A3376 /* LeetCode */ = {
			isa = PBXGroup;
			children = (
				49FC7BEC2D6F40F2003A3376 /* 704. Binary Search.swift */,
				49ACD5652D6F431A00505A81 /* 77. Combinations.swift */,
				49ACD5672D6F43AB00505A81 /* 78. Subsets.swift */,
				49ACD5692D6F43FA00505A81 /* 46. Permutations.swift */,
				49A7D0F72D7DD19900AD6A0F /* 60. Permutation Sequence.swift */,
				49F7477C2D80724F00E90CF9 /* 131. Palindrome Partioning.swift */,
				493900942D86F16D004F78D7 /* 37. Sudoku Solver.swift */,
				493900962D887747004F78D7 /* 51. N-Queens.swift */,
				49D381E72D919A6A003D6A5F /* 20. Valid Parentheses.swift */,
				49D381E92D9304B7003D6A5F /* 739. Daily Temperatures.swift */,
				49D381EB2D94333C003D6A5F /* 841. Keys and Rooms.swift */,
				4972DDC32D98F85B00D79419 /* 42. Trapping Rain Water.swift */,
				498E18B92DC72A08007066B5 /* 70. Climbing Stairs.swift */,
				498E18BC2DC734C1007066B5 /* 764. Min Cost Climbing Stairs.swift */,
				490E9B002DCCEC3F000DED85 /* 62. Unique Paths.swift */,
				492723CC2DDCB73F004B69AE /* 785. Is Graph Bipartite?.swift */,
				49B41A1D2DE74D480019CCE4 /* 322. Coin Change.swift */,
				49D258D22DF07C7200F3606E /* 32. Longest Valid Parentheses.swift */,
				49D97E242DF1DFFD00CC7F50 /* 200. Number Of Islands.swift */,
				4903666B2DF7207F00AE2CCB /* 1091. Shortest Path in Binary Matrix.swift */,
			);
			path = LeetCode;
			sourceTree = "<group>";
		};
		49FC7BEB2D6F4070003A3376 /* Programmers */ = {
			isa = PBXGroup;
			children = (
				49A7D0F52D742CD900AD6A0F /* 후보키.swift */,
				49ECA0412D902E32001CADFA /* 자물쇠와 열쇠.swift */,
				4972DDC12D965D7500D79419 /* 두 큐 합 같게 만들기.swift */,
				49E992502DE4AF8500207C56 /* 무인도 여행.swift */,
				492F03F12E098E8700AAE803 /* 타겟 넘버.swift */,
				49D258D02DEF14FB00F3606E /* 양과늑대.swift */,
				49E84D2A2E0C323F00E79922 /* 교점에 별 만들기.swift */,
				49468A192E30FCCA000B11A7 /* 삼각 달팽이.swift */,
				49F46C0F2E350BFC00082DCB /* 거리두기 확인하기.swift */,
				4934C2612E3903FF0066BDC3 /* 행렬의 곱셈.swift */,
				495032D92E3A5F63008DE5E6 /* 자연수 뒤집어 배열로 만들기.swift */,
				495032DB2E3A6E3D008DE5E6 /* 시저 암호.swift */,
				495032DD2E3B979C008DE5E6 /* 이상한 문자 만들기.swift */,
				49C3A9222E42312800A1E697 /* 문자열 압축.swift */,
				490235B12E437EFE006A2457 /* 3진법 뒤집기.swift */,
				490235C02E44EE71006A2457 /* 이진 변환 반복하기.swift */,
				49EA2D712E463A6F0038554B /* 문자열 내 p와 y의 개수.swift */,
				49EA2D732E463C7C0038554B /* 숫자 문자열과 영단어.swift */,
				49925C2B2E4A19CA00506002 /* 신규 아이디 추천.swift */,
				490605852E536C1D006A0BA7 /* 하노이의 탑.swift */,
				49782DBB2E4B591300C7DD47 /* 쿼드압축 후 개수 세기.swift */,
				490605872E54B3E2006A0BA7 /* 모음 사전.swift */,
				4920AC6B2E560B2D00A00258 /* 모의고사.swift */,
				49E0D78C2E589BF70096D5AC /* 카펫.swift */,
				49F9AD912E5C85BE00774915 /* 수식 최대화.swift */,
				49F9AD932E5DE4E100774915 /* 소수 찾기.swift */,
				49C7C25A2E671F2200BB9281 /* 불량 사용자.swift */,
				49C7C25C2E68836500BB9281 /* H-Index.swift */,
				49C7C29E2E6C373100BB9281 /* 가장 큰 수.swift */,
			);
			path = Programmers;
			sourceTree = "<group>";
		};
/* End PBXGroup section */

/* Begin PBXNativeTarget section */
		494B86012D61FA59003EF612 /* Algorithm */ = {
			isa = PBXNativeTarget;
			buildConfigurationList = 494B86092D61FA59003EF612 /* Build configuration list for PBXNativeTarget "Algorithm" */;
			buildPhases = (
				494B85FE2D61FA59003EF612 /* Sources */,
				494B85FF2D61FA59003EF612 /* Frameworks */,
				494B86002D61FA59003EF612 /* CopyFiles */,
			);
			buildRules = (
			);
			dependencies = (
			);
			name = Algorithm;
			productName = Algorithm;
			productReference = 494B86022D61FA59003EF612 /* Algorithm */;
			productType = "com.apple.product-type.tool";
		};
/* End PBXNativeTarget section */

/* Begin PBXProject section */
		494B85FA2D61FA59003EF612 /* Project object */ = {
			isa = PBXProject;
			attributes = {
				BuildIndependentTargetsInParallel = 1;
				LastSwiftUpdateCheck = 1510;
				LastUpgradeCheck = 1510;
				TargetAttributes = {
					494B86012D61FA59003EF612 = {
						CreatedOnToolsVersion = 15.1;
					};
				};
			};
			buildConfigurationList = 494B85FD2D61FA59003EF612 /* Build configuration list for PBXProject "Algorithm" */;
			compatibilityVersion = "Xcode 14.0";
			developmentRegion = en;
			hasScannedForEncodings = 0;
			knownRegions = (
				en,
				Base,
			);
			mainGroup = 494B85F92D61FA59003EF612;
			productRefGroup = 494B86032D61FA59003EF612 /* Products */;
			projectDirPath = "";
			projectRoot = "";
			targets = (
				494B86012D61FA59003EF612 /* Algorithm */,
			);
		};
/* End PBXProject section */

/* Begin PBXSourcesBuildPhase section */
		494B85FE2D61FA59003EF612 /* Sources */ = {
			isa = PBXSourcesBuildPhase;
			buildActionMask = 2147483647;
			files = (
				4903666C2DF7207F00AE2CCB /* 1091. Shortest Path in Binary Matrix.swift in Sources */,
				49ACD5662D6F431A00505A81 /* 77. Combinations.swift in Sources */,
				4972DDC22D965D7500D79419 /* 두 큐 합 같게 만들기.swift in Sources */,
				49E0D78D2E589BF70096D5AC /* 카펫.swift in Sources */,
				49A402E02DFB1E6900E3BA2E /* 14502. 연구소.swift in Sources */,
				49F9AD942E5DE4E100774915 /* 소수 찾기.swift in Sources */,
				498E18BA2DC72A08007066B5 /* 70. Climbing Stairs.swift in Sources */,
				490E9B052DCE62FA000DED85 /* 12865. 평범한 배낭.swift in Sources */,
				49ECA0422D902E32001CADFA /* 자물쇠와 열쇠.swift in Sources */,
				49C7C25D2E68836500BB9281 /* H-Index.swift in Sources */,
				490235C12E44EE71006A2457 /* 이진 변환 반복하기.swift in Sources */,
				492F03F22E098E8700AAE803 /* 타겟 넘버.swift in Sources */,
				495032DE2E3B979C008DE5E6 /* 이상한 문자 만들기.swift in Sources */,
				49D258D32DF07C7200F3606E /* 32. Longest Valid Parentheses.swift in Sources */,
				49D381EC2D94333C003D6A5F /* 841. Keys and Rooms.swift in Sources */,
				49ACD56A2D6F43FA00505A81 /* 46. Permutations.swift in Sources */,
				49D97E252DF1DFFD00CC7F50 /* 200. Number Of Islands.swift in Sources */,
				49C3A9232E42312800A1E697 /* 문자열 압축.swift in Sources */,
				490E9B012DCCEC3F000DED85 /* 62. Unique Paths.swift in Sources */,
				498E18BD2DC734C1007066B5 /* 764. Min Cost Climbing Stairs.swift in Sources */,
				49D381E82D919A6A003D6A5F /* 20. Valid Parentheses.swift in Sources */,
				49C7C29D2E6C0BBD00BB9281 /* Heap.swift in Sources */,
				493900952D86F16D004F78D7 /* 37. Sudoku Solver.swift in Sources */,
				49C7C2A12E6C548100BB9281 /* PriorityQueue.swift in Sources */,
				49468A1A2E30FCCA000B11A7 /* 삼각 달팽이.swift in Sources */,
				4920AC6C2E560B2D00A00258 /* 모의고사.swift in Sources */,
				49FC7BED2D6F40F2003A3376 /* 704. Binary Search.swift in Sources */,
				49782DBC2E4B591300C7DD47 /* 쿼드압축 후 개수 세기.swift in Sources */,
				49C7C29F2E6C373100BB9281 /* 가장 큰 수.swift in Sources */,
				490605882E54B3E2006A0BA7 /* 모음 사전.swift in Sources */,
				49F9AD922E5C85BE00774915 /* 수식 최대화.swift in Sources */,
				49F7477D2D80724F00E90CF9 /* 131. Palindrome Partioning.swift in Sources */,
				49D258D12DEF14FB00F3606E /* 양과늑대.swift in Sources */,
				493900972D887747004F78D7 /* 51. N-Queens.swift in Sources */,
				495032DA2E3A5F63008DE5E6 /* 자연수 뒤집어 배열로 만들기.swift in Sources */,
				49D381EA2D9304B7003D6A5F /* 739. Daily Temperatures.swift in Sources */,
				49E84D2B2E0C323F00E79922 /* 교점에 별 만들기.swift in Sources */,
				49C7C25B2E671F2200BB9281 /* 불량 사용자.swift in Sources */,
				49F051422E05B08500CE55F9 /* 13459. 구슬 탈출.swift in Sources */,
				49F46C102E350BFC00082DCB /* 거리두기 확인하기.swift in Sources */,
				4934C2622E3903FF0066BDC3 /* 행렬의 곱셈.swift in Sources */,
				49EA2D722E463A6F0038554B /* 문자열 내 p와 y의 개수.swift in Sources */,
				49A7D0F62D742CD900AD6A0F /* 후보키.swift in Sources */,
				495032DC2E3A6E3D008DE5E6 /* 시저 암호.swift in Sources */,
				49A7D0F82D7DD19900AD6A0F /* 60. Permutation Sequence.swift in Sources */,
				49ACD5682D6F43AB00505A81 /* 78. Subsets.swift in Sources */,
				4972DDC42D98F85B00D79419 /* 42. Trapping Rain Water.swift in Sources */,
				490235B22E437EFE006A2457 /* 3진법 뒤집기.swift in Sources */,
				497D8CC02DB6866100FC9942 /* LinkedList.swift in Sources */,
				49F051402E0307A400CE55F9 /* 17142. 연구소3.swift in Sources */,
				492723CD2DDCB73F004B69AE /* 785. Is Graph Bipartite?.swift in Sources */,
				49925C2C2E4A19CA00506002 /* 신규 아이디 추천.swift in Sources */,
				49EA2D742E463C7C0038554B /* 숫자 문자열과 영단어.swift in Sources */,
				490605862E536C1D006A0BA7 /* 하노이의 탑.swift in Sources */,
				49B41A1E2DE74D480019CCE4 /* 322. Coin Change.swift in Sources */,
				494B86062D61FA59003EF612 /* main.swift in Sources */,
				49E992512DE4AF8500207C56 /* 무인도 여행.swift in Sources */,
			);
			runOnlyForDeploymentPostprocessing = 0;
		};
/* End PBXSourcesBuildPhase section */

/* Begin XCBuildConfiguration section */
		494B86072D61FA59003EF612 /* Debug */ = {
			isa = XCBuildConfiguration;
			buildSettings = {
				ALWAYS_SEARCH_USER_PATHS = NO;
				ASSETCATALOG_COMPILER_GENERATE_SWIFT_ASSET_SYMBOL_EXTENSIONS = YES;
				CLANG_ANALYZER_NONNULL = YES;
				CLANG_ANALYZER_NUMBER_OBJECT_CONVERSION = YES_AGGRESSIVE;
				CLANG_CXX_LANGUAGE_STANDARD = "gnu++20";
				CLANG_ENABLE_MODULES = YES;
				CLANG_ENABLE_OBJC_ARC = YES;
				CLANG_ENABLE_OBJC_WEAK = YES;
				CLANG_WARN_BLOCK_CAPTURE_AUTORELEASING = YES;
				CLANG_WARN_BOOL_CONVERSION = YES;
				CLANG_WARN_COMMA = YES;
				CLANG_WARN_CONSTANT_CONVERSION = YES;
				CLANG_WARN_DEPRECATED_OBJC_IMPLEMENTATIONS = YES;
				CLANG_WARN_DIRECT_OBJC_ISA_USAGE = YES_ERROR;
				CLANG_WARN_DOCUMENTATION_COMMENTS = YES;
				CLANG_WARN_EMPTY_BODY = YES;
				CLANG_WARN_ENUM_CONVERSION = YES;
				CLANG_WARN_INFINITE_RECURSION = YES;
				CLANG_WARN_INT_CONVERSION = YES;
				CLANG_WARN_NON_LITERAL_NULL_CONVERSION = YES;
				CLANG_WARN_OBJC_IMPLICIT_RETAIN_SELF = YES;
				CLANG_WARN_OBJC_LITERAL_CONVERSION = YES;
				CLANG_WARN_OBJC_ROOT_CLASS = YES_ERROR;
				CLANG_WARN_QUOTED_INCLUDE_IN_FRAMEWORK_HEADER = YES;
				CLANG_WARN_RANGE_LOOP_ANALYSIS = YES;
				CLANG_WARN_STRICT_PROTOTYPES = YES;
				CLANG_WARN_SUSPICIOUS_MOVE = YES;
				CLANG_WARN_UNGUARDED_AVAILABILITY = YES_AGGRESSIVE;
				CLANG_WARN_UNREACHABLE_CODE = YES;
				CLANG_WARN__DUPLICATE_METHOD_MATCH = YES;
				COPY_PHASE_STRIP = NO;
				DEBUG_INFORMATION_FORMAT = dwarf;
				ENABLE_STRICT_OBJC_MSGSEND = YES;
				ENABLE_TESTABILITY = YES;
				ENABLE_USER_SCRIPT_SANDBOXING = YES;
				GCC_C_LANGUAGE_STANDARD = gnu17;
				GCC_DYNAMIC_NO_PIC = NO;
				GCC_NO_COMMON_BLOCKS = YES;
				GCC_OPTIMIZATION_LEVEL = 0;
				GCC_PREPROCESSOR_DEFINITIONS = (
					"DEBUG=1",
					"$(inherited)",
				);
				GCC_WARN_64_TO_32_BIT_CONVERSION = YES;
				GCC_WARN_ABOUT_RETURN_TYPE = YES_ERROR;
				GCC_WARN_UNDECLARED_SELECTOR = YES;
				GCC_WARN_UNINITIALIZED_AUTOS = YES_AGGRESSIVE;
				GCC_WARN_UNUSED_FUNCTION = YES;
				GCC_WARN_UNUSED_VARIABLE = YES;
				LOCALIZATION_PREFERS_STRING_CATALOGS = YES;
				MACOSX_DEPLOYMENT_TARGET = 13.5;
				MTL_ENABLE_DEBUG_INFO = INCLUDE_SOURCE;
				MTL_FAST_MATH = YES;
				ONLY_ACTIVE_ARCH = YES;
				SDKROOT = macosx;
				SWIFT_ACTIVE_COMPILATION_CONDITIONS = "DEBUG $(inherited)";
				SWIFT_OPTIMIZATION_LEVEL = "-Onone";
			};
			name = Debug;
		};
		494B86082D61FA59003EF612 /* Release */ = {
			isa = XCBuildConfiguration;
			buildSettings = {
				ALWAYS_SEARCH_USER_PATHS = NO;
				ASSETCATALOG_COMPILER_GENERATE_SWIFT_ASSET_SYMBOL_EXTENSIONS = YES;
				CLANG_ANALYZER_NONNULL = YES;
				CLANG_ANALYZER_NUMBER_OBJECT_CONVERSION = YES_AGGRESSIVE;
				CLANG_CXX_LANGUAGE_STANDARD = "gnu++20";
				CLANG_ENABLE_MODULES = YES;
				CLANG_ENABLE_OBJC_ARC = YES;
				CLANG_ENABLE_OBJC_WEAK = YES;
				CLANG_WARN_BLOCK_CAPTURE_AUTORELEASING = YES;
				CLANG_WARN_BOOL_CONVERSION = YES;
				CLANG_WARN_COMMA = YES;
				CLANG_WARN_CONSTANT_CONVERSION = YES;
				CLANG_WARN_DEPRECATED_OBJC_IMPLEMENTATIONS = YES;
				CLANG_WARN_DIRECT_OBJC_ISA_USAGE = YES_ERROR;
				CLANG_WARN_DOCUMENTATION_COMMENTS = YES;
				CLANG_WARN_EMPTY_BODY = YES;
				CLANG_WARN_ENUM_CONVERSION = YES;
				CLANG_WARN_INFINITE_RECURSION = YES;
				CLANG_WARN_INT_CONVERSION = YES;
				CLANG_WARN_NON_LITERAL_NULL_CONVERSION = YES;
				CLANG_WARN_OBJC_IMPLICIT_RETAIN_SELF = YES;
				CLANG_WARN_OBJC_LITERAL_CONVERSION = YES;
				CLANG_WARN_OBJC_ROOT_CLASS = YES_ERROR;
				CLANG_WARN_QUOTED_INCLUDE_IN_FRAMEWORK_HEADER = YES;
				CLANG_WARN_RANGE_LOOP_ANALYSIS = YES;
				CLANG_WARN_STRICT_PROTOTYPES = YES;
				CLANG_WARN_SUSPICIOUS_MOVE = YES;
				CLANG_WARN_UNGUARDED_AVAILABILITY = YES_AGGRESSIVE;
				CLANG_WARN_UNREACHABLE_CODE = YES;
				CLANG_WARN__DUPLICATE_METHOD_MATCH = YES;
				COPY_PHASE_STRIP = NO;
				DEBUG_INFORMATION_FORMAT = "dwarf-with-dsym";
				ENABLE_NS_ASSERTIONS = NO;
				ENABLE_STRICT_OBJC_MSGSEND = YES;
				ENABLE_USER_SCRIPT_SANDBOXING = YES;
				GCC_C_LANGUAGE_STANDARD = gnu17;
				GCC_NO_COMMON_BLOCKS = YES;
				GCC_WARN_64_TO_32_BIT_CONVERSION = YES;
				GCC_WARN_ABOUT_RETURN_TYPE = YES_ERROR;
				GCC_WARN_UNDECLARED_SELECTOR = YES;
				GCC_WARN_UNINITIALIZED_AUTOS = YES_AGGRESSIVE;
				GCC_WARN_UNUSED_FUNCTION = YES;
				GCC_WARN_UNUSED_VARIABLE = YES;
				LOCALIZATION_PREFERS_STRING_CATALOGS = YES;
				MACOSX_DEPLOYMENT_TARGET = 13.5;
				MTL_ENABLE_DEBUG_INFO = NO;
				MTL_FAST_MATH = YES;
				SDKROOT = macosx;
				SWIFT_COMPILATION_MODE = wholemodule;
			};
			name = Release;
		};
		494B860A2D61FA59003EF612 /* Debug */ = {
			isa = XCBuildConfiguration;
			buildSettings = {
				CODE_SIGN_STYLE = Automatic;
				DEVELOPMENT_TEAM = AW5HC5SGGG;
				ENABLE_HARDENED_RUNTIME = YES;
				PRODUCT_NAME = "$(TARGET_NAME)";
				SWIFT_VERSION = 5.0;
			};
			name = Debug;
		};
		494B860B2D61FA59003EF612 /* Release */ = {
			isa = XCBuildConfiguration;
			buildSettings = {
				CODE_SIGN_STYLE = Automatic;
				DEVELOPMENT_TEAM = AW5HC5SGGG;
				ENABLE_HARDENED_RUNTIME = YES;
				PRODUCT_NAME = "$(TARGET_NAME)";
				SWIFT_VERSION = 5.0;
			};
			name = Release;
		};
/* End XCBuildConfiguration section */

/* Begin XCConfigurationList section */
		494B85FD2D61FA59003EF612 /* Build configuration list for PBXProject "Algorithm" */ = {
			isa = XCConfigurationList;
			buildConfigurations = (
				494B86072D61FA59003EF612 /* Debug */,
				494B86082D61FA59003EF612 /* Release */,
			);
			defaultConfigurationIsVisible = 0;
			defaultConfigurationName = Release;
		};
		494B86092D61FA59003EF612 /* Build configuration list for PBXNativeTarget "Algorithm" */ = {
			isa = XCConfigurationList;
			buildConfigurations = (
				494B860A2D61FA59003EF612 /* Debug */,
				494B860B2D61FA59003EF612 /* Release */,
			);
			defaultConfigurationIsVisible = 0;
			defaultConfigurationName = Release;
		};
/* End XCConfigurationList section */
	};
	rootObject = 494B85FA2D61FA59003EF612 /* Project object */;
}
