// !$*UTF8*$!
{
	archiveVersion = 1;
	classes = {
	};
	objectVersion = 56;
	objects = {

/* Begin PBXBuildFile section */
		490E9B012DCCEC3F000DED85 /* 62. Unique Paths.swift in Sources */ = {isa = PBXBuildFile; fileRef = 490E9B002DCCEC3F000DED85 /* 62. Unique Paths.swift */; };
		490E9B052DCE62FA000DED85 /* 12865. 평범한 배낭.swift in Sources */ = {isa = PBXBuildFile; fileRef = 490E9B042DCE62FA000DED85 /* 12865. 평범한 배낭.swift */; };
		492723CD2DDCB73F004B69AE /* 785. Is Graph Bipartite?.swift in Sources */ = {isa = PBXBuildFile; fileRef = 492723CC2DDCB73F004B69AE /* 785. Is Graph Bipartite?.swift */; };
		493900952D86F16D004F78D7 /* 37. Sudoku Solver.swift in Sources */ = {isa = PBXBuildFile; fileRef = 493900942D86F16D004F78D7 /* 37. Sudoku Solver.swift */; };
		493900972D887747004F78D7 /* 51. N-Queens.swift in Sources */ = {isa = PBXBuildFile; fileRef = 493900962D887747004F78D7 /* 51. N-Queens.swift */; };
		494B86062D61FA59003EF612 /* main.swift in Sources */ = {isa = PBXBuildFile; fileRef = 494B86052D61FA59003EF612 /* main.swift */; };
		4972DDC22D965D7500D79419 /* 두 큐 합 같게 만들기.swift in Sources */ = {isa = PBXBuildFile; fileRef = 4972DDC12D965D7500D79419 /* 두 큐 합 같게 만들기.swift */; };
		4972DDC42D98F85B00D79419 /* 42. Trapping Rain Water.swift in Sources */ = {isa = PBXBuildFile; fileRef = 4972DDC32D98F85B00D79419 /* 42. Trapping Rain Water.swift */; };
		497D8CC02DB6866100FC9942 /* LinkedList.swift in Sources */ = {isa = PBXBuildFile; fileRef = 497D8CBF2DB6866100FC9942 /* LinkedList.swift */; };
		498E18BA2DC72A08007066B5 /* 70. Climbing Stairs.swift in Sources */ = {isa = PBXBuildFile; fileRef = 498E18B92DC72A08007066B5 /* 70. Climbing Stairs.swift */; };
		498E18BD2DC734C1007066B5 /* 764. Min Cost Climbing Stairs.swift in Sources */ = {isa = PBXBuildFile; fileRef = 498E18BC2DC734C1007066B5 /* 764. Min Cost Climbing Stairs.swift */; };
		49A7D0F62D742CD900AD6A0F /* 후보키.swift in Sources */ = {isa = PBXBuildFile; fileRef = 49A7D0F52D742CD900AD6A0F /* 후보키.swift */; };
		49A7D0F82D7DD19900AD6A0F /* 60. Permutation Sequence.swift in Sources */ = {isa = PBXBuildFile; fileRef = 49A7D0F72D7DD19900AD6A0F /* 60. Permutation Sequence.swift */; };
		49ACD5662D6F431A00505A81 /* 77. Combinations.swift in Sources */ = {isa = PBXBuildFile; fileRef = 49ACD5652D6F431A00505A81 /* 77. Combinations.swift */; };
		49ACD5682D6F43AB00505A81 /* 78. Subsets.swift in Sources */ = {isa = PBXBuildFile; fileRef = 49ACD5672D6F43AB00505A81 /* 78. Subsets.swift */; };
		49ACD56A2D6F43FA00505A81 /* 46. Permutations.swift in Sources */ = {isa = PBXBuildFile; fileRef = 49ACD5692D6F43FA00505A81 /* 46. Permutations.swift */; };
		49D381E82D919A6A003D6A5F /* 20. Valid Parentheses.swift in Sources */ = {isa = PBXBuildFile; fileRef = 49D381E72D919A6A003D6A5F /* 20. Valid Parentheses.swift */; };
		49D381EA2D9304B7003D6A5F /* 739. Daily Temperatures.swift in Sources */ = {isa = PBXBuildFile; fileRef = 49D381E92D9304B7003D6A5F /* 739. Daily Temperatures.swift */; };
		49D381EC2D94333C003D6A5F /* 841. Keys and Rooms.swift in Sources */ = {isa = PBXBuildFile; fileRef = 49D381EB2D94333C003D6A5F /* 841. Keys and Rooms.swift */; };
		49E992512DE4AF8500207C56 /* 무인도 여행.swift in Sources */ = {isa = PBXBuildFile; fileRef = 49E992502DE4AF8500207C56 /* 무인도 여행.swift */; };
		49ECA0422D902E32001CADFA /* 자물쇠와 열쇠.swift in Sources */ = {isa = PBXBuildFile; fileRef = 49ECA0412D902E32001CADFA /* 자물쇠와 열쇠.swift */; };
		49F7477D2D80724F00E90CF9 /* 131. Palindrome Partioning.swift in Sources */ = {isa = PBXBuildFile; fileRef = 49F7477C2D80724F00E90CF9 /* 131. Palindrome Partioning.swift */; };
		49FC7BED2D6F40F2003A3376 /* 704. Binary Search.swift in Sources */ = {isa = PBXBuildFile; fileRef = 49FC7BEC2D6F40F2003A3376 /* 704. Binary Search.swift */; };
/* End PBXBuildFile section */

/* Begin PBXCopyFilesBuildPhase section */
		494B86002D61FA59003EF612 /* CopyFiles */ = {
			isa = PBXCopyFilesBuildPhase;
			buildActionMask = 2147483647;
			dstPath = /usr/share/man/man1/;
			dstSubfolderSpec = 0;
			files = (
			);
			runOnlyForDeploymentPostprocessing = 1;
		};
/* End PBXCopyFilesBuildPhase section */

/* Begin PBXFileReference section */
		490E9B002DCCEC3F000DED85 /* 62. Unique Paths.swift */ = {isa = PBXFileReference; lastKnownFileType = sourcecode.swift; path = "62. Unique Paths.swift"; sourceTree = "<group>"; };
		490E9B042DCE62FA000DED85 /* 12865. 평범한 배낭.swift */ = {isa = PBXFileReference; lastKnownFileType = sourcecode.swift; path = "12865. 평범한 배낭.swift"; sourceTree = "<group>"; };
		492723CC2DDCB73F004B69AE /* 785. Is Graph Bipartite?.swift */ = {isa = PBXFileReference; lastKnownFileType = sourcecode.swift; path = "785. Is Graph Bipartite?.swift"; sourceTree = "<group>"; };
		493900942D86F16D004F78D7 /* 37. Sudoku Solver.swift */ = {isa = PBXFileReference; lastKnownFileType = sourcecode.swift; path = "37. Sudoku Solver.swift"; sourceTree = "<group>"; };
		493900962D887747004F78D7 /* 51. N-Queens.swift */ = {isa = PBXFileReference; lastKnownFileType = sourcecode.swift; path = "51. N-Queens.swift"; sourceTree = "<group>"; };
		494B86022D61FA59003EF612 /* Algorithm */ = {isa = PBXFileReference; explicitFileType = "compiled.mach-o.executable"; includeInIndex = 0; path = Algorithm; sourceTree = BUILT_PRODUCTS_DIR; };
		494B86052D61FA59003EF612 /* main.swift */ = {isa = PBXFileReference; lastKnownFileType = sourcecode.swift; path = main.swift; sourceTree = "<group>"; };
		4972DDC12D965D7500D79419 /* 두 큐 합 같게 만들기.swift */ = {isa = PBXFileReference; lastKnownFileType = sourcecode.swift; path = "두 큐 합 같게 만들기.swift"; sourceTree = "<group>"; };
		4972DDC32D98F85B00D79419 /* 42. Trapping Rain Water.swift */ = {isa = PBXFileReference; lastKnownFileType = sourcecode.swift; path = "42. Trapping Rain Water.swift"; sourceTree = "<group>"; };
		497D8CBF2DB6866100FC9942 /* LinkedList.swift */ = {isa = PBXFileReference; lastKnownFileType = sourcecode.swift; path = LinkedList.swift; sourceTree = "<group>"; };
		498E18B92DC72A08007066B5 /* 70. Climbing Stairs.swift */ = {isa = PBXFileReference; lastKnownFileType = sourcecode.swift; path = "70. Climbing Stairs.swift"; sourceTree = "<group>"; };
		498E18BC2DC734C1007066B5 /* 764. Min Cost Climbing Stairs.swift */ = {isa = PBXFileReference; lastKnownFileType = sourcecode.swift; path = "764. Min Cost Climbing Stairs.swift"; sourceTree = "<group>"; };
		49A7D0F52D742CD900AD6A0F /* 후보키.swift */ = {isa = PBXFileReference; lastKnownFileType = sourcecode.swift; path = "후보키.swift"; sourceTree = "<group>"; };
		49A7D0F72D7DD19900AD6A0F /* 60. Permutation Sequence.swift */ = {isa = PBXFileReference; lastKnownFileType = sourcecode.swift; path = "60. Permutation Sequence.swift"; sourceTree = "<group>"; };
		49ACD5652D6F431A00505A81 /* 77. Combinations.swift */ = {isa = PBXFileReference; lastKnownFileType = sourcecode.swift; path = "77. Combinations.swift"; sourceTree = "<group>"; };
		49ACD5672D6F43AB00505A81 /* 78. Subsets.swift */ = {isa = PBXFileReference; lastKnownFileType = sourcecode.swift; path = "78. Subsets.swift"; sourceTree = "<group>"; };
		49ACD5692D6F43FA00505A81 /* 46. Permutations.swift */ = {isa = PBXFileReference; lastKnownFileType = sourcecode.swift; path = "46. Permutations.swift"; sourceTree = "<group>"; };
		49D381E72D919A6A003D6A5F /* 20. Valid Parentheses.swift */ = {isa = PBXFileReference; lastKnownFileType = sourcecode.swift; path = "20. Valid Parentheses.swift"; sourceTree = "<group>"; };
		49D381E92D9304B7003D6A5F /* 739. Daily Temperatures.swift */ = {isa = PBXFileReference; lastKnownFileType = sourcecode.swift; path = "739. Daily Temperatures.swift"; sourceTree = "<group>"; };
		49D381EB2D94333C003D6A5F /* 841. Keys and Rooms.swift */ = {isa = PBXFileReference; lastKnownFileType = sourcecode.swift; path = "841. Keys and Rooms.swift"; sourceTree = "<group>"; };
		49E992502DE4AF8500207C56 /* 무인도 여행.swift */ = {isa = PBXFileReference; lastKnownFileType = sourcecode.swift; path = "무인도 여행.swift"; sourceTree = "<group>"; };
		49ECA0412D902E32001CADFA /* 자물쇠와 열쇠.swift */ = {isa = PBXFileReference; lastKnownFileType = sourcecode.swift; path = "자물쇠와 열쇠.swift"; sourceTree = "<group>"; };
		49F7477C2D80724F00E90CF9 /* 131. Palindrome Partioning.swift */ = {isa = PBXFileReference; lastKnownFileType = sourcecode.swift; path = "131. Palindrome Partioning.swift"; sourceTree = "<group>"; };
		49FC7BEC2D6F40F2003A3376 /* 704. Binary Search.swift */ = {isa = PBXFileReference; lastKnownFileType = sourcecode.swift; path = "704. Binary Search.swift"; sourceTree = "<group>"; };
/* End PBXFileReference section */

/* Begin PBXFrameworksBuildPhase section */
		494B85FF2D61FA59003EF612 /* Frameworks */ = {
			isa = PBXFrameworksBuildPhase;
			buildActionMask = 2147483647;
			files = (
			);
			runOnlyForDeploymentPostprocessing = 0;
		};
/* End PBXFrameworksBuildPhase section */

/* Begin PBXGroup section */
		490E9B032DCE62E8000DED85 /* BOJ */ = {
			isa = PBXGroup;
			children = (
				490E9B042DCE62FA000DED85 /* 12865. 평범한 배낭.swift */,
			);
			path = BOJ;
			sourceTree = "<group>";
		};
		494B85F92D61FA59003EF612 = {
			isa = PBXGroup;
			children = (
				490E9B032DCE62E8000DED85 /* BOJ */,
				498E18BB2DC72A0E007066B5 /* DataStructure */,
				49FC7BEB2D6F4070003A3376 /* Programmers */,
				49FC7BEA2D6F4066003A3376 /* LeetCode */,
				494B86042D61FA59003EF612 /* Solution */,
				494B86032D61FA59003EF612 /* Products */,
			);
			sourceTree = "<group>";
		};
		494B86032D61FA59003EF612 /* Products */ = {
			isa = PBXGroup;
			children = (
				494B86022D61FA59003EF612 /* Algorithm */,
			);
			name = Products;
			sourceTree = "<group>";
		};
		494B86042D61FA59003EF612 /* Solution */ = {
			isa = PBXGroup;
			children = (
				494B86052D61FA59003EF612 /* main.swift */,
			);
			path = Solution;
			sourceTree = "<group>";
		};
		498E18BB2DC72A0E007066B5 /* DataStructure */ = {
			isa = PBXGroup;
			children = (
				497D8CBF2DB6866100FC9942 /* LinkedList.swift */,
			);
			path = DataStructure;
			sourceTree = "<group>";
		};
		49FC7BEA2D6F4066003A3376 /* LeetCode */ = {
			isa = PBXGroup;
			children = (
				49FC7BEC2D6F40F2003A3376 /* 704. Binary Search.swift */,
				49ACD5652D6F431A00505A81 /* 77. Combinations.swift */,
				49ACD5672D6F43AB00505A81 /* 78. Subsets.swift */,
				49ACD5692D6F43FA00505A81 /* 46. Permutations.swift */,
				49A7D0F72D7DD19900AD6A0F /* 60. Permutation Sequence.swift */,
				49F7477C2D80724F00E90CF9 /* 131. Palindrome Partioning.swift */,
				493900942D86F16D004F78D7 /* 37. Sudoku Solver.swift */,
				493900962D887747004F78D7 /* 51. N-Queens.swift */,
				49D381E72D919A6A003D6A5F /* 20. Valid Parentheses.swift */,
				49D381E92D9304B7003D6A5F /* 739. Daily Temperatures.swift */,
				49D381EB2D94333C003D6A5F /* 841. Keys and Rooms.swift */,
				4972DDC32D98F85B00D79419 /* 42. Trapping Rain Water.swift */,
				498E18B92DC72A08007066B5 /* 70. Climbing Stairs.swift */,
				498E18BC2DC734C1007066B5 /* 764. Min Cost Climbing Stairs.swift */,
				490E9B002DCCEC3F000DED85 /* 62. Unique Paths.swift */,
				492723CC2DDCB73F004B69AE /* 785. Is Graph Bipartite?.swift */,
			);
			path = LeetCode;
			sourceTree = "<group>";
		};
		49FC7BEB2D6F4070003A3376 /* Programmers */ = {
			isa = PBXGroup;
			children = (
				49A7D0F52D742CD900AD6A0F /* 후보키.swift */,
				49ECA0412D902E32001CADFA /* 자물쇠와 열쇠.swift */,
				4972DDC12D965D7500D79419 /* 두 큐 합 같게 만들기.swift */,
				49E992502DE4AF8500207C56 /* 무인도 여행.swift */,
			);
			path = Programmers;
			sourceTree = "<group>";
		};
/* End PBXGroup section */

/* Begin PBXNativeTarget section */
		494B86012D61FA59003EF612 /* Algorithm */ = {
			isa = PBXNativeTarget;
			buildConfigurationList = 494B86092D61FA59003EF612 /* Build configuration list for PBXNativeTarget "Algorithm" */;
			buildPhases = (
				494B85FE2D61FA59003EF612 /* Sources */,
				494B85FF2D61FA59003EF612 /* Frameworks */,
				494B86002D61FA59003EF612 /* CopyFiles */,
			);
			buildRules = (
			);
			dependencies = (
			);
			name = Algorithm;
			productName = Algorithm;
			productReference = 494B86022D61FA59003EF612 /* Algorithm */;
			productType = "com.apple.product-type.tool";
		};
/* End PBXNativeTarget section */

/* Begin PBXProject section */
		494B85FA2D61FA59003EF612 /* Project object */ = {
			isa = PBXProject;
			attributes = {
				BuildIndependentTargetsInParallel = 1;
				LastSwiftUpdateCheck = 1510;
				LastUpgradeCheck = 1510;
				TargetAttributes = {
					494B86012D61FA59003EF612 = {
						CreatedOnToolsVersion = 15.1;
					};
				};
			};
			buildConfigurationList = 494B85FD2D61FA59003EF612 /* Build configuration list for PBXProject "Algorithm" */;
			compatibilityVersion = "Xcode 14.0";
			developmentRegion = en;
			hasScannedForEncodings = 0;
			knownRegions = (
				en,
				Base,
			);
			mainGroup = 494B85F92D61FA59003EF612;
			productRefGroup = 494B86032D61FA59003EF612 /* Products */;
			projectDirPath = "";
			projectRoot = "";
			targets = (
				494B86012D61FA59003EF612 /* Algorithm */,
			);
		};
/* End PBXProject section */

/* Begin PBXSourcesBuildPhase section */
		494B85FE2D61FA59003EF612 /* Sources */ = {
			isa = PBXSourcesBuildPhase;
			buildActionMask = 2147483647;
			files = (
				49ACD5662D6F431A00505A81 /* 77. Combinations.swift in Sources */,
				4972DDC22D965D7500D79419 /* 두 큐 합 같게 만들기.swift in Sources */,
				498E18BA2DC72A08007066B5 /* 70. Climbing Stairs.swift in Sources */,
				490E9B052DCE62FA000DED85 /* 12865. 평범한 배낭.swift in Sources */,
				49ECA0422D902E32001CADFA /* 자물쇠와 열쇠.swift in Sources */,
				49D381EC2D94333C003D6A5F /* 841. Keys and Rooms.swift in Sources */,
				49ACD56A2D6F43FA00505A81 /* 46. Permutations.swift in Sources */,
				490E9B012DCCEC3F000DED85 /* 62. Unique Paths.swift in Sources */,
				498E18BD2DC734C1007066B5 /* 764. Min Cost Climbing Stairs.swift in Sources */,
				49D381E82D919A6A003D6A5F /* 20. Valid Parentheses.swift in Sources */,
				493900952D86F16D004F78D7 /* 37. Sudoku Solver.swift in Sources */,
				49FC7BED2D6F40F2003A3376 /* 704. Binary Search.swift in Sources */,
				49F7477D2D80724F00E90CF9 /* 131. Palindrome Partioning.swift in Sources */,
				493900972D887747004F78D7 /* 51. N-Queens.swift in Sources */,
				49D381EA2D9304B7003D6A5F /* 739. Daily Temperatures.swift in Sources */,
				49A7D0F62D742CD900AD6A0F /* 후보키.swift in Sources */,
				49A7D0F82D7DD19900AD6A0F /* 60. Permutation Sequence.swift in Sources */,
				49ACD5682D6F43AB00505A81 /* 78. Subsets.swift in Sources */,
				4972DDC42D98F85B00D79419 /* 42. Trapping Rain Water.swift in Sources */,
				497D8CC02DB6866100FC9942 /* LinkedList.swift in Sources */,
				492723CD2DDCB73F004B69AE /* 785. Is Graph Bipartite?.swift in Sources */,
				494B86062D61FA59003EF612 /* main.swift in Sources */,
				49E992512DE4AF8500207C56 /* 무인도 여행.swift in Sources */,
			);
			runOnlyForDeploymentPostprocessing = 0;
		};
/* End PBXSourcesBuildPhase section */

/* Begin XCBuildConfiguration section */
		494B86072D61FA59003EF612 /* Debug */ = {
			isa = XCBuildConfiguration;
			buildSettings = {
				ALWAYS_SEARCH_USER_PATHS = NO;
				ASSETCATALOG_COMPILER_GENERATE_SWIFT_ASSET_SYMBOL_EXTENSIONS = YES;
				CLANG_ANALYZER_NONNULL = YES;
				CLANG_ANALYZER_NUMBER_OBJECT_CONVERSION = YES_AGGRESSIVE;
				CLANG_CXX_LANGUAGE_STANDARD = "gnu++20";
				CLANG_ENABLE_MODULES = YES;
				CLANG_ENABLE_OBJC_ARC = YES;
				CLANG_ENABLE_OBJC_WEAK = YES;
				CLANG_WARN_BLOCK_CAPTURE_AUTORELEASING = YES;
				CLANG_WARN_BOOL_CONVERSION = YES;
				CLANG_WARN_COMMA = YES;
				CLANG_WARN_CONSTANT_CONVERSION = YES;
				CLANG_WARN_DEPRECATED_OBJC_IMPLEMENTATIONS = YES;
				CLANG_WARN_DIRECT_OBJC_ISA_USAGE = YES_ERROR;
				CLANG_WARN_DOCUMENTATION_COMMENTS = YES;
				CLANG_WARN_EMPTY_BODY = YES;
				CLANG_WARN_ENUM_CONVERSION = YES;
				CLANG_WARN_INFINITE_RECURSION = YES;
				CLANG_WARN_INT_CONVERSION = YES;
				CLANG_WARN_NON_LITERAL_NULL_CONVERSION = YES;
				CLANG_WARN_OBJC_IMPLICIT_RETAIN_SELF = YES;
				CLANG_WARN_OBJC_LITERAL_CONVERSION = YES;
				CLANG_WARN_OBJC_ROOT_CLASS = YES_ERROR;
				CLANG_WARN_QUOTED_INCLUDE_IN_FRAMEWORK_HEADER = YES;
				CLANG_WARN_RANGE_LOOP_ANALYSIS = YES;
				CLANG_WARN_STRICT_PROTOTYPES = YES;
				CLANG_WARN_SUSPICIOUS_MOVE = YES;
				CLANG_WARN_UNGUARDED_AVAILABILITY = YES_AGGRESSIVE;
				CLANG_WARN_UNREACHABLE_CODE = YES;
				CLANG_WARN__DUPLICATE_METHOD_MATCH = YES;
				COPY_PHASE_STRIP = NO;
				DEBUG_INFORMATION_FORMAT = dwarf;
				ENABLE_STRICT_OBJC_MSGSEND = YES;
				ENABLE_TESTABILITY = YES;
				ENABLE_USER_SCRIPT_SANDBOXING = YES;
				GCC_C_LANGUAGE_STANDARD = gnu17;
				GCC_DYNAMIC_NO_PIC = NO;
				GCC_NO_COMMON_BLOCKS = YES;
				GCC_OPTIMIZATION_LEVEL = 0;
				GCC_PREPROCESSOR_DEFINITIONS = (
					"DEBUG=1",
					"$(inherited)",
				);
				GCC_WARN_64_TO_32_BIT_CONVERSION = YES;
				GCC_WARN_ABOUT_RETURN_TYPE = YES_ERROR;
				GCC_WARN_UNDECLARED_SELECTOR = YES;
				GCC_WARN_UNINITIALIZED_AUTOS = YES_AGGRESSIVE;
				GCC_WARN_UNUSED_FUNCTION = YES;
				GCC_WARN_UNUSED_VARIABLE = YES;
				LOCALIZATION_PREFERS_STRING_CATALOGS = YES;
				MACOSX_DEPLOYMENT_TARGET = 13.5;
				MTL_ENABLE_DEBUG_INFO = INCLUDE_SOURCE;
				MTL_FAST_MATH = YES;
				ONLY_ACTIVE_ARCH = YES;
				SDKROOT = macosx;
				SWIFT_ACTIVE_COMPILATION_CONDITIONS = "DEBUG $(inherited)";
				SWIFT_OPTIMIZATION_LEVEL = "-Onone";
			};
			name = Debug;
		};
		494B86082D61FA59003EF612 /* Release */ = {
			isa = XCBuildConfiguration;
			buildSettings = {
				ALWAYS_SEARCH_USER_PATHS = NO;
				ASSETCATALOG_COMPILER_GENERATE_SWIFT_ASSET_SYMBOL_EXTENSIONS = YES;
				CLANG_ANALYZER_NONNULL = YES;
				CLANG_ANALYZER_NUMBER_OBJECT_CONVERSION = YES_AGGRESSIVE;
				CLANG_CXX_LANGUAGE_STANDARD = "gnu++20";
				CLANG_ENABLE_MODULES = YES;
				CLANG_ENABLE_OBJC_ARC = YES;
				CLANG_ENABLE_OBJC_WEAK = YES;
				CLANG_WARN_BLOCK_CAPTURE_AUTORELEASING = YES;
				CLANG_WARN_BOOL_CONVERSION = YES;
				CLANG_WARN_COMMA = YES;
				CLANG_WARN_CONSTANT_CONVERSION = YES;
				CLANG_WARN_DEPRECATED_OBJC_IMPLEMENTATIONS = YES;
				CLANG_WARN_DIRECT_OBJC_ISA_USAGE = YES_ERROR;
				CLANG_WARN_DOCUMENTATION_COMMENTS = YES;
				CLANG_WARN_EMPTY_BODY = YES;
				CLANG_WARN_ENUM_CONVERSION = YES;
				CLANG_WARN_INFINITE_RECURSION = YES;
				CLANG_WARN_INT_CONVERSION = YES;
				CLANG_WARN_NON_LITERAL_NULL_CONVERSION = YES;
				CLANG_WARN_OBJC_IMPLICIT_RETAIN_SELF = YES;
				CLANG_WARN_OBJC_LITERAL_CONVERSION = YES;
				CLANG_WARN_OBJC_ROOT_CLASS = YES_ERROR;
				CLANG_WARN_QUOTED_INCLUDE_IN_FRAMEWORK_HEADER = YES;
				CLANG_WARN_RANGE_LOOP_ANALYSIS = YES;
				CLANG_WARN_STRICT_PROTOTYPES = YES;
				CLANG_WARN_SUSPICIOUS_MOVE = YES;
				CLANG_WARN_UNGUARDED_AVAILABILITY = YES_AGGRESSIVE;
				CLANG_WARN_UNREACHABLE_CODE = YES;
				CLANG_WARN__DUPLICATE_METHOD_MATCH = YES;
				COPY_PHASE_STRIP = NO;
				DEBUG_INFORMATION_FORMAT = "dwarf-with-dsym";
				ENABLE_NS_ASSERTIONS = NO;
				ENABLE_STRICT_OBJC_MSGSEND = YES;
				ENABLE_USER_SCRIPT_SANDBOXING = YES;
				GCC_C_LANGUAGE_STANDARD = gnu17;
				GCC_NO_COMMON_BLOCKS = YES;
				GCC_WARN_64_TO_32_BIT_CONVERSION = YES;
				GCC_WARN_ABOUT_RETURN_TYPE = YES_ERROR;
				GCC_WARN_UNDECLARED_SELECTOR = YES;
				GCC_WARN_UNINITIALIZED_AUTOS = YES_AGGRESSIVE;
				GCC_WARN_UNUSED_FUNCTION = YES;
				GCC_WARN_UNUSED_VARIABLE = YES;
				LOCALIZATION_PREFERS_STRING_CATALOGS = YES;
				MACOSX_DEPLOYMENT_TARGET = 13.5;
				MTL_ENABLE_DEBUG_INFO = NO;
				MTL_FAST_MATH = YES;
				SDKROOT = macosx;
				SWIFT_COMPILATION_MODE = wholemodule;
			};
			name = Release;
		};
		494B860A2D61FA59003EF612 /* Debug */ = {
			isa = XCBuildConfiguration;
			buildSettings = {
				CODE_SIGN_STYLE = Automatic;
				DEVELOPMENT_TEAM = AW5HC5SGGG;
				ENABLE_HARDENED_RUNTIME = YES;
				PRODUCT_NAME = "$(TARGET_NAME)";
				SWIFT_VERSION = 5.0;
			};
			name = Debug;
		};
		494B860B2D61FA59003EF612 /* Release */ = {
			isa = XCBuildConfiguration;
			buildSettings = {
				CODE_SIGN_STYLE = Automatic;
				DEVELOPMENT_TEAM = AW5HC5SGGG;
				ENABLE_HARDENED_RUNTIME = YES;
				PRODUCT_NAME = "$(TARGET_NAME)";
				SWIFT_VERSION = 5.0;
			};
			name = Release;
		};
/* End XCBuildConfiguration section */

/* Begin XCConfigurationList section */
		494B85FD2D61FA59003EF612 /* Build configuration list for PBXProject "Algorithm" */ = {
			isa = XCConfigurationList;
			buildConfigurations = (
				494B86072D61FA59003EF612 /* Debug */,
				494B86082D61FA59003EF612 /* Release */,
			);
			defaultConfigurationIsVisible = 0;
			defaultConfigurationName = Release;
		};
		494B86092D61FA59003EF612 /* Build configuration list for PBXNativeTarget "Algorithm" */ = {
			isa = XCConfigurationList;
			buildConfigurations = (
				494B860A2D61FA59003EF612 /* Debug */,
				494B860B2D61FA59003EF612 /* Release */,
			);
			defaultConfigurationIsVisible = 0;
			defaultConfigurationName = Release;
		};
/* End XCConfigurationList section */
	};
	rootObject = 494B85FA2D61FA59003EF612 /* Project object */;
}
