// !$*UTF8*$!
{
	archiveVersion = 1;
	classes = {
	};
	objectVersion = 56;
	objects = {

/* Begin PBXBuildFile section */
		494B86062D61FA59003EF612 /* main.swift in Sources */ = {isa = PBXBuildFile; fileRef = 494B86052D61FA59003EF612 /* main.swift */; };
		49A7D0F62D742CD900AD6A0F /* 후보키.swift in Sources */ = {isa = PBXBuildFile; fileRef = 49A7D0F52D742CD900AD6A0F /* 후보키.swift */; };
		49A7D0F82D7DD19900AD6A0F /* 60_Permutation Sequence.swift in Sources */ = {isa = PBXBuildFile; fileRef = 49A7D0F72D7DD19900AD6A0F /* 60_Permutation Sequence.swift */; };
		49ACD5662D6F431A00505A81 /* 77_Combinations.swift in Sources */ = {isa = PBXBuildFile; fileRef = 49ACD5652D6F431A00505A81 /* 77_Combinations.swift */; };
		49ACD5682D6F43AB00505A81 /* 78_Subsets.swift in Sources */ = {isa = PBXBuildFile; fileRef = 49ACD5672D6F43AB00505A81 /* 78_Subsets.swift */; };
		49ACD56A2D6F43FA00505A81 /* 46_Permutations.swift in Sources */ = {isa = PBXBuildFile; fileRef = 49ACD5692D6F43FA00505A81 /* 46_Permutations.swift */; };
		49FC7BED2D6F40F2003A3376 /* 704_BinarySearch.swift in Sources */ = {isa = PBXBuildFile; fileRef = 49FC7BEC2D6F40F2003A3376 /* 704_BinarySearch.swift */; };
/* End PBXBuildFile section */

/* Begin PBXCopyFilesBuildPhase section */
		494B86002D61FA59003EF612 /* CopyFiles */ = {
			isa = PBXCopyFilesBuildPhase;
			buildActionMask = 2147483647;
			dstPath = /usr/share/man/man1/;
			dstSubfolderSpec = 0;
			files = (
			);
			runOnlyForDeploymentPostprocessing = 1;
		};
/* End PBXCopyFilesBuildPhase section */

/* Begin PBXFileReference section */
		494B86022D61FA59003EF612 /* Algorithm */ = {isa = PBXFileReference; explicitFileType = "compiled.mach-o.executable"; includeInIndex = 0; path = Algorithm; sourceTree = BUILT_PRODUCTS_DIR; };
		494B86052D61FA59003EF612 /* main.swift */ = {isa = PBXFileReference; lastKnownFileType = sourcecode.swift; path = main.swift; sourceTree = "<group>"; };
		49A7D0F52D742CD900AD6A0F /* 후보키.swift */ = {isa = PBXFileReference; lastKnownFileType = sourcecode.swift; path = "후보키.swift"; sourceTree = "<group>"; };
		49A7D0F72D7DD19900AD6A0F /* 60_Permutation Sequence.swift */ = {isa = PBXFileReference; lastKnownFileType = sourcecode.swift; path = "60_Permutation Sequence.swift"; sourceTree = "<group>"; };
		49ACD5652D6F431A00505A81 /* 77_Combinations.swift */ = {isa = PBXFileReference; lastKnownFileType = sourcecode.swift; path = 77_Combinations.swift; sourceTree = "<group>"; };
		49ACD5672D6F43AB00505A81 /* 78_Subsets.swift */ = {isa = PBXFileReference; lastKnownFileType = sourcecode.swift; path = 78_Subsets.swift; sourceTree = "<group>"; };
		49ACD5692D6F43FA00505A81 /* 46_Permutations.swift */ = {isa = PBXFileReference; lastKnownFileType = sourcecode.swift; path = 46_Permutations.swift; sourceTree = "<group>"; };
		49FC7BEC2D6F40F2003A3376 /* 704_BinarySearch.swift */ = {isa = PBXFileReference; lastKnownFileType = sourcecode.swift; path = 704_BinarySearch.swift; sourceTree = "<group>"; };
/* End PBXFileReference section */

/* Begin PBXFrameworksBuildPhase section */
		494B85FF2D61FA59003EF612 /* Frameworks */ = {
			isa = PBXFrameworksBuildPhase;
			buildActionMask = 2147483647;
			files = (
			);
			runOnlyForDeploymentPostprocessing = 0;
		};
/* End PBXFrameworksBuildPhase section */

/* Begin PBXGroup section */
		494B85F92D61FA59003EF612 = {
			isa = PBXGroup;
			children = (
				49FC7BEB2D6F4070003A3376 /* Programmers */,
				49FC7BEA2D6F4066003A3376 /* LeetCode */,
				494B86042D61FA59003EF612 /* Solution */,
				494B86032D61FA59003EF612 /* Products */,
			);
			sourceTree = "<group>";
		};
		494B86032D61FA59003EF612 /* Products */ = {
			isa = PBXGroup;
			children = (
				494B86022D61FA59003EF612 /* Algorithm */,
			);
			name = Products;
			sourceTree = "<group>";
		};
		494B86042D61FA59003EF612 /* Solution */ = {
			isa = PBXGroup;
			children = (
				494B86052D61FA59003EF612 /* main.swift */,
			);
			path = Solution;
			sourceTree = "<group>";
		};
		49FC7BEA2D6F4066003A3376 /* LeetCode */ = {
			isa = PBXGroup;
			children = (
				49FC7BEC2D6F40F2003A3376 /* 704_BinarySearch.swift */,
				49ACD5652D6F431A00505A81 /* 77_Combinations.swift */,
				49ACD5672D6F43AB00505A81 /* 78_Subsets.swift */,
				49ACD5692D6F43FA00505A81 /* 46_Permutations.swift */,
				49A7D0F72D7DD19900AD6A0F /* 60_Permutation Sequence.swift */,
			);
			path = LeetCode;
			sourceTree = "<group>";
		};
		49FC7BEB2D6F4070003A3376 /* Programmers */ = {
			isa = PBXGroup;
			children = (
				49A7D0F52D742CD900AD6A0F /* 후보키.swift */,
			);
			path = Programmers;
			sourceTree = "<group>";
		};
/* End PBXGroup section */

/* Begin PBXNativeTarget section */
		494B86012D61FA59003EF612 /* Algorithm */ = {
			isa = PBXNativeTarget;
			buildConfigurationList = 494B86092D61FA59003EF612 /* Build configuration list for PBXNativeTarget "Algorithm" */;
			buildPhases = (
				494B85FE2D61FA59003EF612 /* Sources */,
				494B85FF2D61FA59003EF612 /* Frameworks */,
				494B86002D61FA59003EF612 /* CopyFiles */,
			);
			buildRules = (
			);
			dependencies = (
			);
			name = Algorithm;
			productName = Algorithm;
			productReference = 494B86022D61FA59003EF612 /* Algorithm */;
			productType = "com.apple.product-type.tool";
		};
/* End PBXNativeTarget section */

/* Begin PBXProject section */
		494B85FA2D61FA59003EF612 /* Project object */ = {
			isa = PBXProject;
			attributes = {
				BuildIndependentTargetsInParallel = 1;
				LastSwiftUpdateCheck = 1510;
				LastUpgradeCheck = 1510;
				TargetAttributes = {
					494B86012D61FA59003EF612 = {
						CreatedOnToolsVersion = 15.1;
					};
				};
			};
			buildConfigurationList = 494B85FD2D61FA59003EF612 /* Build configuration list for PBXProject "Algorithm" */;
			compatibilityVersion = "Xcode 14.0";
			developmentRegion = en;
			hasScannedForEncodings = 0;
			knownRegions = (
				en,
				Base,
			);
			mainGroup = 494B85F92D61FA59003EF612;
			productRefGroup = 494B86032D61FA59003EF612 /* Products */;
			projectDirPath = "";
			projectRoot = "";
			targets = (
				494B86012D61FA59003EF612 /* Algorithm */,
			);
		};
/* End PBXProject section */

/* Begin PBXSourcesBuildPhase section */
		494B85FE2D61FA59003EF612 /* Sources */ = {
			isa = PBXSourcesBuildPhase;
			buildActionMask = 2147483647;
			files = (
				49ACD5662D6F431A00505A81 /* 77_Combinations.swift in Sources */,
				49ACD56A2D6F43FA00505A81 /* 46_Permutations.swift in Sources */,
				49FC7BED2D6F40F2003A3376 /* 704_BinarySearch.swift in Sources */,
				49A7D0F62D742CD900AD6A0F /* 후보키.swift in Sources */,
				49A7D0F82D7DD19900AD6A0F /* 60_Permutation Sequence.swift in Sources */,
				49ACD5682D6F43AB00505A81 /* 78_Subsets.swift in Sources */,
				494B86062D61FA59003EF612 /* main.swift in Sources */,
			);
			runOnlyForDeploymentPostprocessing = 0;
		};
/* End PBXSourcesBuildPhase section */

/* Begin XCBuildConfiguration section */
		494B86072D61FA59003EF612 /* Debug */ = {
			isa = XCBuildConfiguration;
			buildSettings = {
				ALWAYS_SEARCH_USER_PATHS = NO;
				ASSETCATALOG_COMPILER_GENERATE_SWIFT_ASSET_SYMBOL_EXTENSIONS = YES;
				CLANG_ANALYZER_NONNULL = YES;
				CLANG_ANALYZER_NUMBER_OBJECT_CONVERSION = YES_AGGRESSIVE;
				CLANG_CXX_LANGUAGE_STANDARD = "gnu++20";
				CLANG_ENABLE_MODULES = YES;
				CLANG_ENABLE_OBJC_ARC = YES;
				CLANG_ENABLE_OBJC_WEAK = YES;
				CLANG_WARN_BLOCK_CAPTURE_AUTORELEASING = YES;
				CLANG_WARN_BOOL_CONVERSION = YES;
				CLANG_WARN_COMMA = YES;
				CLANG_WARN_CONSTANT_CONVERSION = YES;
				CLANG_WARN_DEPRECATED_OBJC_IMPLEMENTATIONS = YES;
				CLANG_WARN_DIRECT_OBJC_ISA_USAGE = YES_ERROR;
				CLANG_WARN_DOCUMENTATION_COMMENTS = YES;
				CLANG_WARN_EMPTY_BODY = YES;
				CLANG_WARN_ENUM_CONVERSION = YES;
				CLANG_WARN_INFINITE_RECURSION = YES;
				CLANG_WARN_INT_CONVERSION = YES;
				CLANG_WARN_NON_LITERAL_NULL_CONVERSION = YES;
				CLANG_WARN_OBJC_IMPLICIT_RETAIN_SELF = YES;
				CLANG_WARN_OBJC_LITERAL_CONVERSION = YES;
				CLANG_WARN_OBJC_ROOT_CLASS = YES_ERROR;
				CLANG_WARN_QUOTED_INCLUDE_IN_FRAMEWORK_HEADER = YES;
				CLANG_WARN_RANGE_LOOP_ANALYSIS = YES;
				CLANG_WARN_STRICT_PROTOTYPES = YES;
				CLANG_WARN_SUSPICIOUS_MOVE = YES;
				CLANG_WARN_UNGUARDED_AVAILABILITY = YES_AGGRESSIVE;
				CLANG_WARN_UNREACHABLE_CODE = YES;
				CLANG_WARN__DUPLICATE_METHOD_MATCH = YES;
				COPY_PHASE_STRIP = NO;
				DEBUG_INFORMATION_FORMAT = dwarf;
				ENABLE_STRICT_OBJC_MSGSEND = YES;
				ENABLE_TESTABILITY = YES;
				ENABLE_USER_SCRIPT_SANDBOXING = YES;
				GCC_C_LANGUAGE_STANDARD = gnu17;
				GCC_DYNAMIC_NO_PIC = NO;
				GCC_NO_COMMON_BLOCKS = YES;
				GCC_OPTIMIZATION_LEVEL = 0;
				GCC_PREPROCESSOR_DEFINITIONS = (
					"DEBUG=1",
					"$(inherited)",
				);
				GCC_WARN_64_TO_32_BIT_CONVERSION = YES;
				GCC_WARN_ABOUT_RETURN_TYPE = YES_ERROR;
				GCC_WARN_UNDECLARED_SELECTOR = YES;
				GCC_WARN_UNINITIALIZED_AUTOS = YES_AGGRESSIVE;
				GCC_WARN_UNUSED_FUNCTION = YES;
				GCC_WARN_UNUSED_VARIABLE = YES;
				LOCALIZATION_PREFERS_STRING_CATALOGS = YES;
				MACOSX_DEPLOYMENT_TARGET = 13.5;
				MTL_ENABLE_DEBUG_INFO = INCLUDE_SOURCE;
				MTL_FAST_MATH = YES;
				ONLY_ACTIVE_ARCH = YES;
				SDKROOT = macosx;
				SWIFT_ACTIVE_COMPILATION_CONDITIONS = "DEBUG $(inherited)";
				SWIFT_OPTIMIZATION_LEVEL = "-Onone";
			};
			name = Debug;
		};
		494B86082D61FA59003EF612 /* Release */ = {
			isa = XCBuildConfiguration;
			buildSettings = {
				ALWAYS_SEARCH_USER_PATHS = NO;
				ASSETCATALOG_COMPILER_GENERATE_SWIFT_ASSET_SYMBOL_EXTENSIONS = YES;
				CLANG_ANALYZER_NONNULL = YES;
				CLANG_ANALYZER_NUMBER_OBJECT_CONVERSION = YES_AGGRESSIVE;
				CLANG_CXX_LANGUAGE_STANDARD = "gnu++20";
				CLANG_ENABLE_MODULES = YES;
				CLANG_ENABLE_OBJC_ARC = YES;
				CLANG_ENABLE_OBJC_WEAK = YES;
				CLANG_WARN_BLOCK_CAPTURE_AUTORELEASING = YES;
				CLANG_WARN_BOOL_CONVERSION = YES;
				CLANG_WARN_COMMA = YES;
				CLANG_WARN_CONSTANT_CONVERSION = YES;
				CLANG_WARN_DEPRECATED_OBJC_IMPLEMENTATIONS = YES;
				CLANG_WARN_DIRECT_OBJC_ISA_USAGE = YES_ERROR;
				CLANG_WARN_DOCUMENTATION_COMMENTS = YES;
				CLANG_WARN_EMPTY_BODY = YES;
				CLANG_WARN_ENUM_CONVERSION = YES;
				CLANG_WARN_INFINITE_RECURSION = YES;
				CLANG_WARN_INT_CONVERSION = YES;
				CLANG_WARN_NON_LITERAL_NULL_CONVERSION = YES;
				CLANG_WARN_OBJC_IMPLICIT_RETAIN_SELF = YES;
				CLANG_WARN_OBJC_LITERAL_CONVERSION = YES;
				CLANG_WARN_OBJC_ROOT_CLASS = YES_ERROR;
				CLANG_WARN_QUOTED_INCLUDE_IN_FRAMEWORK_HEADER = YES;
				CLANG_WARN_RANGE_LOOP_ANALYSIS = YES;
				CLANG_WARN_STRICT_PROTOTYPES = YES;
				CLANG_WARN_SUSPICIOUS_MOVE = YES;
				CLANG_WARN_UNGUARDED_AVAILABILITY = YES_AGGRESSIVE;
				CLANG_WARN_UNREACHABLE_CODE = YES;
				CLANG_WARN__DUPLICATE_METHOD_MATCH = YES;
				COPY_PHASE_STRIP = NO;
				DEBUG_INFORMATION_FORMAT = "dwarf-with-dsym";
				ENABLE_NS_ASSERTIONS = NO;
				ENABLE_STRICT_OBJC_MSGSEND = YES;
				ENABLE_USER_SCRIPT_SANDBOXING = YES;
				GCC_C_LANGUAGE_STANDARD = gnu17;
				GCC_NO_COMMON_BLOCKS = YES;
				GCC_WARN_64_TO_32_BIT_CONVERSION = YES;
				GCC_WARN_ABOUT_RETURN_TYPE = YES_ERROR;
				GCC_WARN_UNDECLARED_SELECTOR = YES;
				GCC_WARN_UNINITIALIZED_AUTOS = YES_AGGRESSIVE;
				GCC_WARN_UNUSED_FUNCTION = YES;
				GCC_WARN_UNUSED_VARIABLE = YES;
				LOCALIZATION_PREFERS_STRING_CATALOGS = YES;
				MACOSX_DEPLOYMENT_TARGET = 13.5;
				MTL_ENABLE_DEBUG_INFO = NO;
				MTL_FAST_MATH = YES;
				SDKROOT = macosx;
				SWIFT_COMPILATION_MODE = wholemodule;
			};
			name = Release;
		};
		494B860A2D61FA59003EF612 /* Debug */ = {
			isa = XCBuildConfiguration;
			buildSettings = {
				CODE_SIGN_STYLE = Automatic;
				DEVELOPMENT_TEAM = AW5HC5SGGG;
				ENABLE_HARDENED_RUNTIME = YES;
				PRODUCT_NAME = "$(TARGET_NAME)";
				SWIFT_VERSION = 5.0;
			};
			name = Debug;
		};
		494B860B2D61FA59003EF612 /* Release */ = {
			isa = XCBuildConfiguration;
			buildSettings = {
				CODE_SIGN_STYLE = Automatic;
				DEVELOPMENT_TEAM = AW5HC5SGGG;
				ENABLE_HARDENED_RUNTIME = YES;
				PRODUCT_NAME = "$(TARGET_NAME)";
				SWIFT_VERSION = 5.0;
			};
			name = Release;
		};
/* End XCBuildConfiguration section */

/* Begin XCConfigurationList section */
		494B85FD2D61FA59003EF612 /* Build configuration list for PBXProject "Algorithm" */ = {
			isa = XCConfigurationList;
			buildConfigurations = (
				494B86072D61FA59003EF612 /* Debug */,
				494B86082D61FA59003EF612 /* Release */,
			);
			defaultConfigurationIsVisible = 0;
			defaultConfigurationName = Release;
		};
		494B86092D61FA59003EF612 /* Build configuration list for PBXNativeTarget "Algorithm" */ = {
			isa = XCConfigurationList;
			buildConfigurations = (
				494B860A2D61FA59003EF612 /* Debug */,
				494B860B2D61FA59003EF612 /* Release */,
			);
			defaultConfigurationIsVisible = 0;
			defaultConfigurationName = Release;
		};
/* End XCConfigurationList section */
	};
	rootObject = 494B85FA2D61FA59003EF612 /* Project object */;
}
